// !$*UTF8*$!
{
	archiveVersion = 1;
	classes = {
	};
	objectVersion = 46;
	objects = {

/* Begin PBXBuildFile section */
		C8440DBD1E0F6BFC00EB0EF4 /* libxml2.tbd in Frameworks */ = {isa = PBXBuildFile; fileRef = C8440DBC1E0F6BFC00EB0EF4 /* libxml2.tbd */; };
		C8440DBF1E0F6C0600EB0EF4 /* libiconv.tbd in Frameworks */ = {isa = PBXBuildFile; fileRef = C8440DBE1E0F6C0600EB0EF4 /* libiconv.tbd */; };
		C8440DC01E0F6ED700EB0EF4 /* libiconv.tbd in Frameworks */ = {isa = PBXBuildFile; fileRef = C8440DBE1E0F6C0600EB0EF4 /* libiconv.tbd */; };
		C8440DC11E0F6EDE00EB0EF4 /* libxml2.tbd in Frameworks */ = {isa = PBXBuildFile; fileRef = C8440DBC1E0F6BFC00EB0EF4 /* libxml2.tbd */; };
		C8440DC21E0F757E00EB0EF4 /* libiconv.tbd in Frameworks */ = {isa = PBXBuildFile; fileRef = C8440DBE1E0F6C0600EB0EF4 /* libiconv.tbd */; };
		C8440DC31E0F758200EB0EF4 /* libxml2.tbd in Frameworks */ = {isa = PBXBuildFile; fileRef = C8440DBC1E0F6BFC00EB0EF4 /* libxml2.tbd */; };
		C8440DC41E0F75A400EB0EF4 /* libiconv.tbd in Frameworks */ = {isa = PBXBuildFile; fileRef = C8440DBE1E0F6C0600EB0EF4 /* libiconv.tbd */; };
		C8440DC51E0F75AA00EB0EF4 /* libxml2.tbd in Frameworks */ = {isa = PBXBuildFile; fileRef = C8440DBC1E0F6BFC00EB0EF4 /* libxml2.tbd */; };
		C8440DC61E0F75B900EB0EF4 /* libiconv.tbd in Frameworks */ = {isa = PBXBuildFile; fileRef = C8440DBE1E0F6C0600EB0EF4 /* libiconv.tbd */; };
		C8440DC71E0F75C000EB0EF4 /* libxml2.tbd in Frameworks */ = {isa = PBXBuildFile; fileRef = C8440DBC1E0F6BFC00EB0EF4 /* libxml2.tbd */; };
		C8440DC81E0F75CA00EB0EF4 /* libiconv.tbd in Frameworks */ = {isa = PBXBuildFile; fileRef = C8440DBE1E0F6C0600EB0EF4 /* libiconv.tbd */; };
		C8440DC91E0F75CE00EB0EF4 /* libxml2.tbd in Frameworks */ = {isa = PBXBuildFile; fileRef = C8440DBC1E0F6BFC00EB0EF4 /* libxml2.tbd */; };
		C8440DCA1E0F75D500EB0EF4 /* libiconv.tbd in Frameworks */ = {isa = PBXBuildFile; fileRef = C8440DBE1E0F6C0600EB0EF4 /* libiconv.tbd */; };
		C8440DCB1E0F75D900EB0EF4 /* libxml2.tbd in Frameworks */ = {isa = PBXBuildFile; fileRef = C8440DBC1E0F6BFC00EB0EF4 /* libxml2.tbd */; };
		C8440DCC1E0F75DF00EB0EF4 /* libiconv.tbd in Frameworks */ = {isa = PBXBuildFile; fileRef = C8440DBE1E0F6C0600EB0EF4 /* libiconv.tbd */; };
		C8440DCD1E0F75E300EB0EF4 /* libxml2.tbd in Frameworks */ = {isa = PBXBuildFile; fileRef = C8440DBC1E0F6BFC00EB0EF4 /* libxml2.tbd */; };
		C8440DCE1E0F75E800EB0EF4 /* libiconv.tbd in Frameworks */ = {isa = PBXBuildFile; fileRef = C8440DBE1E0F6C0600EB0EF4 /* libiconv.tbd */; };
		C8440DCF1E0F75EC00EB0EF4 /* libxml2.tbd in Frameworks */ = {isa = PBXBuildFile; fileRef = C8440DBC1E0F6BFC00EB0EF4 /* libxml2.tbd */; };
		C847BF151A75381B00271179 /* afc.c in Sources */ = {isa = PBXBuildFile; fileRef = C847BEC31A75381B00271179 /* afc.c */; };
		C847BF171A75381B00271179 /* debugserver.c in Sources */ = {isa = PBXBuildFile; fileRef = C847BEC51A75381B00271179 /* debugserver.c */; };
		C847BF191A75381B00271179 /* device_link_service.c in Sources */ = {isa = PBXBuildFile; fileRef = C847BEC71A75381B00271179 /* device_link_service.c */; };
		C847BF1B1A75381B00271179 /* diagnostics_relay.c in Sources */ = {isa = PBXBuildFile; fileRef = C847BEC91A75381B00271179 /* diagnostics_relay.c */; };
		C847BF1D1A75381B00271179 /* file_relay.c in Sources */ = {isa = PBXBuildFile; fileRef = C847BECB1A75381B00271179 /* file_relay.c */; };
		C847BF1F1A75381B00271179 /* heartbeat.c in Sources */ = {isa = PBXBuildFile; fileRef = C847BECD1A75381B00271179 /* heartbeat.c */; };
		C847BF211A75381B00271179 /* house_arrest.c in Sources */ = {isa = PBXBuildFile; fileRef = C847BECF1A75381B00271179 /* house_arrest.c */; };
		C847BF231A75381B00271179 /* idevice.c in Sources */ = {isa = PBXBuildFile; fileRef = C847BED11A75381B00271179 /* idevice.c */; };
		C847BF251A75381B00271179 /* installation_proxy.c in Sources */ = {isa = PBXBuildFile; fileRef = C847BED31A75381B00271179 /* installation_proxy.c */; };
		C847BF271A75381B00271179 /* lockdown.c in Sources */ = {isa = PBXBuildFile; fileRef = C847BED51A75381B00271179 /* lockdown.c */; };
		C847BF291A75381B00271179 /* misagent.c in Sources */ = {isa = PBXBuildFile; fileRef = C847BED81A75381B00271179 /* misagent.c */; };
		C847BF2B1A75381B00271179 /* mobile_image_mounter.c in Sources */ = {isa = PBXBuildFile; fileRef = C847BEDA1A75381B00271179 /* mobile_image_mounter.c */; };
		C847BF2D1A75381B00271179 /* mobilebackup.c in Sources */ = {isa = PBXBuildFile; fileRef = C847BEDC1A75381B00271179 /* mobilebackup.c */; };
		C847BF2F1A75381B00271179 /* mobilebackup2.c in Sources */ = {isa = PBXBuildFile; fileRef = C847BEDE1A75381B00271179 /* mobilebackup2.c */; };
		C847BF311A75381B00271179 /* mobilesync.c in Sources */ = {isa = PBXBuildFile; fileRef = C847BEE01A75381B00271179 /* mobilesync.c */; };
		C847BF331A75381B00271179 /* notification_proxy.c in Sources */ = {isa = PBXBuildFile; fileRef = C847BEE21A75381B00271179 /* notification_proxy.c */; };
		C847BF351A75381B00271179 /* property_list_service.c in Sources */ = {isa = PBXBuildFile; fileRef = C847BEE41A75381B00271179 /* property_list_service.c */; };
		C847BF371A75381B00271179 /* restore.c in Sources */ = {isa = PBXBuildFile; fileRef = C847BEE61A75381B00271179 /* restore.c */; };
		C847BF391A75381B00271179 /* sbservices.c in Sources */ = {isa = PBXBuildFile; fileRef = C847BEE81A75381B00271179 /* sbservices.c */; };
		C847BF3B1A75381B00271179 /* screenshotr.c in Sources */ = {isa = PBXBuildFile; fileRef = C847BEEA1A75381B00271179 /* screenshotr.c */; };
		C847BF3D1A75381B00271179 /* service.c in Sources */ = {isa = PBXBuildFile; fileRef = C847BEEC1A75381B00271179 /* service.c */; };
		C847BF3F1A75381B00271179 /* syslog_relay.c in Sources */ = {isa = PBXBuildFile; fileRef = C847BEEE1A75381B00271179 /* syslog_relay.c */; };
		C847BF411A75381B00271179 /* webinspector.c in Sources */ = {isa = PBXBuildFile; fileRef = C847BEF01A75381B00271179 /* webinspector.c */; };
		C847BF7B1A753AB300271179 /* libplist.a in Frameworks */ = {isa = PBXBuildFile; fileRef = C847BF761A75385D00271179 /* libplist.a */; };
		C847BF7C1A753AB300271179 /* libusb-1.0.0.a in Frameworks */ = {isa = PBXBuildFile; fileRef = C847BF661A75384D00271179 /* libusb-1.0.0.a */; };
		C847BF7D1A753AB300271179 /* libusbmuxd.a in Frameworks */ = {isa = PBXBuildFile; fileRef = C847BF5A1A75382800271179 /* libusbmuxd.a */; };
		C847BF881A75405500271179 /* libcrypto.a in Frameworks */ = {isa = PBXBuildFile; fileRef = C847BF861A75405500271179 /* libcrypto.a */; };
		C847BF891A75405500271179 /* libssl.a in Frameworks */ = {isa = PBXBuildFile; fileRef = C847BF871A75405500271179 /* libssl.a */; };
		C847C0D41A7558C800271179 /* debug.c in Sources */ = {isa = PBXBuildFile; fileRef = C847C0C91A7558C800271179 /* debug.c */; };
		C847C0D61A7558C800271179 /* socket.c in Sources */ = {isa = PBXBuildFile; fileRef = C847C0CC1A7558C800271179 /* socket.c */; };
		C847C0D81A7558C800271179 /* thread.c in Sources */ = {isa = PBXBuildFile; fileRef = C847C0CE1A7558C800271179 /* thread.c */; };
		C847C0DA1A7558C800271179 /* userpref.c in Sources */ = {isa = PBXBuildFile; fileRef = C847C0D01A7558C800271179 /* userpref.c */; };
		C847C0DC1A7558C800271179 /* utils.c in Sources */ = {isa = PBXBuildFile; fileRef = C847C0D21A7558C800271179 /* utils.c */; };
		C847C1171A755E1100271179 /* ideviceinfo.c in Sources */ = {isa = PBXBuildFile; fileRef = C847C0ED1A755D8700271179 /* ideviceinfo.c */; };
		C847C1181A755E1600271179 /* libimobiledevice.a in Frameworks */ = {isa = PBXBuildFile; fileRef = C847BEA71A7537F400271179 /* libimobiledevice.a */; };
		C847C11D1A755F2D00271179 /* libplist.a in Frameworks */ = {isa = PBXBuildFile; fileRef = C847BF761A75385D00271179 /* libplist.a */; };
		C8EB84031A75D4630022C2CD /* libplist.a in Frameworks */ = {isa = PBXBuildFile; fileRef = C847BF761A75385D00271179 /* libplist.a */; };
		C8EB84041A75D4630022C2CD /* libimobiledevice.a in Frameworks */ = {isa = PBXBuildFile; fileRef = C847BEA71A7537F400271179 /* libimobiledevice.a */; };
		C8EB840A1A75D49C0022C2CD /* idevice_id.c in Sources */ = {isa = PBXBuildFile; fileRef = C847C0E31A755D8700271179 /* idevice_id.c */; };
		C8EB84171A75D5A80022C2CD /* libplist.a in Frameworks */ = {isa = PBXBuildFile; fileRef = C847BF761A75385D00271179 /* libplist.a */; };
		C8EB84181A75D5A80022C2CD /* libimobiledevice.a in Frameworks */ = {isa = PBXBuildFile; fileRef = C847BEA71A7537F400271179 /* libimobiledevice.a */; };
		C8EB84241A75D5F50022C2CD /* idevicename.c in Sources */ = {isa = PBXBuildFile; fileRef = C847C0EE1A755D8700271179 /* idevicename.c */; };
		C8EB84311A75D66D0022C2CD /* libplist.a in Frameworks */ = {isa = PBXBuildFile; fileRef = C847BF761A75385D00271179 /* libplist.a */; };
		C8EB84321A75D66D0022C2CD /* libimobiledevice.a in Frameworks */ = {isa = PBXBuildFile; fileRef = C847BEA71A7537F400271179 /* libimobiledevice.a */; };
		C8EB843E1A75D69A0022C2CD /* idevicescreenshot.c in Sources */ = {isa = PBXBuildFile; fileRef = C847C0F21A755D8700271179 /* idevicescreenshot.c */; };
		C8EB84471A75D7030022C2CD /* libplist.a in Frameworks */ = {isa = PBXBuildFile; fileRef = C847BF761A75385D00271179 /* libplist.a */; };
		C8EB84481A75D7030022C2CD /* libimobiledevice.a in Frameworks */ = {isa = PBXBuildFile; fileRef = C847BEA71A7537F400271179 /* libimobiledevice.a */; };
		C8EB844E1A75D7150022C2CD /* idevicepair.c in Sources */ = {isa = PBXBuildFile; fileRef = C847C0F01A755D8700271179 /* idevicepair.c */; };
		C8EB84571A75D7870022C2CD /* libplist.a in Frameworks */ = {isa = PBXBuildFile; fileRef = C847BF761A75385D00271179 /* libplist.a */; };
		C8EB84581A75D7870022C2CD /* libimobiledevice.a in Frameworks */ = {isa = PBXBuildFile; fileRef = C847BEA71A7537F400271179 /* libimobiledevice.a */; };
		C8EB845E1A75D7A90022C2CD /* idevicecrashreport.c in Sources */ = {isa = PBXBuildFile; fileRef = C847C0E61A755D8700271179 /* idevicecrashreport.c */; };
		C8EB84671A75D7D80022C2CD /* libplist.a in Frameworks */ = {isa = PBXBuildFile; fileRef = C847BF761A75385D00271179 /* libplist.a */; };
		C8EB84681A75D7D80022C2CD /* libimobiledevice.a in Frameworks */ = {isa = PBXBuildFile; fileRef = C847BEA71A7537F400271179 /* libimobiledevice.a */; };
		C8EB846E1A75D7F50022C2CD /* idevicesyslog.c in Sources */ = {isa = PBXBuildFile; fileRef = C847C0F31A755D8700271179 /* idevicesyslog.c */; };
		C8EB84771A75D9CA0022C2CD /* libplist.a in Frameworks */ = {isa = PBXBuildFile; fileRef = C847BF761A75385D00271179 /* libplist.a */; };
		C8EB84781A75D9CA0022C2CD /* libimobiledevice.a in Frameworks */ = {isa = PBXBuildFile; fileRef = C847BEA71A7537F400271179 /* libimobiledevice.a */; };
		C8EB847E1A75D9F60022C2CD /* idevicediagnostics.c in Sources */ = {isa = PBXBuildFile; fileRef = C847C0EA1A755D8700271179 /* idevicediagnostics.c */; };
		C8EB85071A75EC0E0022C2CD /* libplist.a in Frameworks */ = {isa = PBXBuildFile; fileRef = C847BF761A75385D00271179 /* libplist.a */; };
		C8EB85081A75EC0E0022C2CD /* libimobiledevice.a in Frameworks */ = {isa = PBXBuildFile; fileRef = C847BEA71A7537F400271179 /* libimobiledevice.a */; };
		C8EB85141A75EC2A0022C2CD /* ideviceimagemounter.c in Sources */ = {isa = PBXBuildFile; fileRef = C847C0EC1A755D8700271179 /* ideviceimagemounter.c */; };
/* End PBXBuildFile section */

/* Begin PBXContainerItemProxy section */
		C847BF591A75382800271179 /* PBXContainerItemProxy */ = {
			isa = PBXContainerItemProxy;
			containerPortal = C847BF541A75382800271179 /* libusbmuxd.xcodeproj */;
			proxyType = 2;
			remoteGlobalIDString = C847BE791A751F2A00271179;
			remoteInfo = libusbmuxd;
		};
		C847BF651A75384D00271179 /* PBXContainerItemProxy */ = {
			isa = PBXContainerItemProxy;
			containerPortal = C847BF5B1A75384D00271179 /* libusb.xcodeproj */;
			proxyType = 2;
			remoteGlobalIDString = 008FBF311628B79300BC5BE2;
			remoteInfo = libusb;
		};
		C847BF671A75384D00271179 /* PBXContainerItemProxy */ = {
			isa = PBXContainerItemProxy;
			containerPortal = C847BF5B1A75384D00271179 /* libusb.xcodeproj */;
			proxyType = 2;
			remoteGlobalIDString = 008FBFBD1628B9FE00BC5BE2;
			remoteInfo = xusb;
		};
		C847BF691A75384D00271179 /* PBXContainerItemProxy */ = {
			isa = PBXContainerItemProxy;
			containerPortal = C847BF5B1A75384D00271179 /* libusb.xcodeproj */;
			proxyType = 2;
			remoteGlobalIDString = 008FBFF51628BB8B00BC5BE2;
			remoteInfo = dpfp;
		};
		C847BF6B1A75384D00271179 /* PBXContainerItemProxy */ = {
			isa = PBXContainerItemProxy;
			containerPortal = C847BF5B1A75384D00271179 /* libusb.xcodeproj */;
			proxyType = 2;
			remoteGlobalIDString = 008FC0051628BBDB00BC5BE2;
			remoteInfo = dpfp_threaded;
		};
		C847BF6D1A75384D00271179 /* PBXContainerItemProxy */ = {
			isa = PBXContainerItemProxy;
			containerPortal = C847BF5B1A75384D00271179 /* libusb.xcodeproj */;
			proxyType = 2;
			remoteGlobalIDString = 008FC0151628BC0300BC5BE2;
			remoteInfo = fxload;
		};
		C847BF6F1A75384D00271179 /* PBXContainerItemProxy */ = {
			isa = PBXContainerItemProxy;
			containerPortal = C847BF5B1A75384D00271179 /* libusb.xcodeproj */;
			proxyType = 2;
			remoteGlobalIDString = 008FC0261628BC6B00BC5BE2;
			remoteInfo = listdevs;
		};
		C847BF751A75385D00271179 /* PBXContainerItemProxy */ = {
			isa = PBXContainerItemProxy;
			containerPortal = C847BF711A75385D00271179 /* libplist.xcodeproj */;
			proxyType = 2;
			remoteGlobalIDString = C847BE141A7516B600271179;
			remoteInfo = libplist;
		};
		C847BF801A753B4800271179 /* PBXContainerItemProxy */ = {
			isa = PBXContainerItemProxy;
			containerPortal = C847BF711A75385D00271179 /* libplist.xcodeproj */;
			proxyType = 1;
			remoteGlobalIDString = C847BE131A7516B600271179;
			remoteInfo = libplist;
		};
		C847BF821A753B4800271179 /* PBXContainerItemProxy */ = {
			isa = PBXContainerItemProxy;
			containerPortal = C847BF5B1A75384D00271179 /* libusb.xcodeproj */;
			proxyType = 1;
			remoteGlobalIDString = 008FBF301628B79300BC5BE2;
			remoteInfo = libusb;
		};
		C847BF841A753B4800271179 /* PBXContainerItemProxy */ = {
			isa = PBXContainerItemProxy;
			containerPortal = C847BF541A75382800271179 /* libusbmuxd.xcodeproj */;
			proxyType = 1;
			remoteGlobalIDString = C847BE781A751F2A00271179;
			remoteInfo = libusbmuxd;
		};
		C847C1191A755E1B00271179 /* PBXContainerItemProxy */ = {
			isa = PBXContainerItemProxy;
			containerPortal = C847BE9F1A7537F400271179 /* Project object */;
			proxyType = 1;
			remoteGlobalIDString = C847BEA61A7537F400271179;
			remoteInfo = libimobiledevice;
		};
		C847C11B1A755F2600271179 /* PBXContainerItemProxy */ = {
			isa = PBXContainerItemProxy;
			containerPortal = C847BF711A75385D00271179 /* libplist.xcodeproj */;
			proxyType = 1;
			remoteGlobalIDString = C847BE131A7516B600271179;
			remoteInfo = libplist;
		};
		C8EB83FD1A75D4630022C2CD /* PBXContainerItemProxy */ = {
			isa = PBXContainerItemProxy;
			containerPortal = C847BF711A75385D00271179 /* libplist.xcodeproj */;
			proxyType = 1;
			remoteGlobalIDString = C847BE131A7516B600271179;
			remoteInfo = libplist;
		};
		C8EB83FF1A75D4630022C2CD /* PBXContainerItemProxy */ = {
			isa = PBXContainerItemProxy;
			containerPortal = C847BE9F1A7537F400271179 /* Project object */;
			proxyType = 1;
			remoteGlobalIDString = C847BEA61A7537F400271179;
			remoteInfo = libimobiledevice;
		};
		C8EB84111A75D5A80022C2CD /* PBXContainerItemProxy */ = {
			isa = PBXContainerItemProxy;
			containerPortal = C847BF711A75385D00271179 /* libplist.xcodeproj */;
			proxyType = 1;
			remoteGlobalIDString = C847BE131A7516B600271179;
			remoteInfo = libplist;
		};
		C8EB84131A75D5A80022C2CD /* PBXContainerItemProxy */ = {
			isa = PBXContainerItemProxy;
			containerPortal = C847BE9F1A7537F400271179 /* Project object */;
			proxyType = 1;
			remoteGlobalIDString = C847BEA61A7537F400271179;
			remoteInfo = libimobiledevice;
		};
		C8EB842B1A75D66D0022C2CD /* PBXContainerItemProxy */ = {
			isa = PBXContainerItemProxy;
			containerPortal = C847BF711A75385D00271179 /* libplist.xcodeproj */;
			proxyType = 1;
			remoteGlobalIDString = C847BE131A7516B600271179;
			remoteInfo = libplist;
		};
		C8EB842D1A75D66D0022C2CD /* PBXContainerItemProxy */ = {
			isa = PBXContainerItemProxy;
			containerPortal = C847BE9F1A7537F400271179 /* Project object */;
			proxyType = 1;
			remoteGlobalIDString = C847BEA61A7537F400271179;
			remoteInfo = libimobiledevice;
		};
		C8EB84411A75D7030022C2CD /* PBXContainerItemProxy */ = {
			isa = PBXContainerItemProxy;
			containerPortal = C847BF711A75385D00271179 /* libplist.xcodeproj */;
			proxyType = 1;
			remoteGlobalIDString = C847BE131A7516B600271179;
			remoteInfo = libplist;
		};
		C8EB84431A75D7030022C2CD /* PBXContainerItemProxy */ = {
			isa = PBXContainerItemProxy;
			containerPortal = C847BE9F1A7537F400271179 /* Project object */;
			proxyType = 1;
			remoteGlobalIDString = C847BEA61A7537F400271179;
			remoteInfo = libimobiledevice;
		};
		C8EB84511A75D7870022C2CD /* PBXContainerItemProxy */ = {
			isa = PBXContainerItemProxy;
			containerPortal = C847BF711A75385D00271179 /* libplist.xcodeproj */;
			proxyType = 1;
			remoteGlobalIDString = C847BE131A7516B600271179;
			remoteInfo = libplist;
		};
		C8EB84531A75D7870022C2CD /* PBXContainerItemProxy */ = {
			isa = PBXContainerItemProxy;
			containerPortal = C847BE9F1A7537F400271179 /* Project object */;
			proxyType = 1;
			remoteGlobalIDString = C847BEA61A7537F400271179;
			remoteInfo = libimobiledevice;
		};
		C8EB84611A75D7D80022C2CD /* PBXContainerItemProxy */ = {
			isa = PBXContainerItemProxy;
			containerPortal = C847BF711A75385D00271179 /* libplist.xcodeproj */;
			proxyType = 1;
			remoteGlobalIDString = C847BE131A7516B600271179;
			remoteInfo = libplist;
		};
		C8EB84631A75D7D80022C2CD /* PBXContainerItemProxy */ = {
			isa = PBXContainerItemProxy;
			containerPortal = C847BE9F1A7537F400271179 /* Project object */;
			proxyType = 1;
			remoteGlobalIDString = C847BEA61A7537F400271179;
			remoteInfo = libimobiledevice;
		};
		C8EB84711A75D9CA0022C2CD /* PBXContainerItemProxy */ = {
			isa = PBXContainerItemProxy;
			containerPortal = C847BF711A75385D00271179 /* libplist.xcodeproj */;
			proxyType = 1;
			remoteGlobalIDString = C847BE131A7516B600271179;
			remoteInfo = libplist;
		};
		C8EB84731A75D9CA0022C2CD /* PBXContainerItemProxy */ = {
			isa = PBXContainerItemProxy;
			containerPortal = C847BE9F1A7537F400271179 /* Project object */;
			proxyType = 1;
			remoteGlobalIDString = C847BEA61A7537F400271179;
			remoteInfo = libimobiledevice;
		};
		C8EB85011A75EC0E0022C2CD /* PBXContainerItemProxy */ = {
			isa = PBXContainerItemProxy;
			containerPortal = C847BF711A75385D00271179 /* libplist.xcodeproj */;
			proxyType = 1;
			remoteGlobalIDString = C847BE131A7516B600271179;
			remoteInfo = libplist;
		};
		C8EB85031A75EC0E0022C2CD /* PBXContainerItemProxy */ = {
			isa = PBXContainerItemProxy;
			containerPortal = C847BE9F1A7537F400271179 /* Project object */;
			proxyType = 1;
			remoteGlobalIDString = C847BEA61A7537F400271179;
			remoteInfo = libimobiledevice;
		};
/* End PBXContainerItemProxy section */

/* Begin PBXCopyFilesBuildPhase section */
		C847C10E1A755DF300271179 /* CopyFiles */ = {
			isa = PBXCopyFilesBuildPhase;
			buildActionMask = 2147483647;
			dstPath = /usr/share/man/man1/;
			dstSubfolderSpec = 0;
			files = (
			);
			runOnlyForDeploymentPostprocessing = 1;
		};
		C8EB84051A75D4630022C2CD /* CopyFiles */ = {
			isa = PBXCopyFilesBuildPhase;
			buildActionMask = 2147483647;
			dstPath = /usr/share/man/man1/;
			dstSubfolderSpec = 0;
			files = (
			);
			runOnlyForDeploymentPostprocessing = 1;
		};
		C8EB84191A75D5A80022C2CD /* CopyFiles */ = {
			isa = PBXCopyFilesBuildPhase;
			buildActionMask = 2147483647;
			dstPath = /usr/share/man/man1/;
			dstSubfolderSpec = 0;
			files = (
			);
			runOnlyForDeploymentPostprocessing = 1;
		};
		C8EB84331A75D66D0022C2CD /* CopyFiles */ = {
			isa = PBXCopyFilesBuildPhase;
			buildActionMask = 2147483647;
			dstPath = /usr/share/man/man1/;
			dstSubfolderSpec = 0;
			files = (
			);
			runOnlyForDeploymentPostprocessing = 1;
		};
		C8EB84491A75D7030022C2CD /* CopyFiles */ = {
			isa = PBXCopyFilesBuildPhase;
			buildActionMask = 2147483647;
			dstPath = /usr/share/man/man1/;
			dstSubfolderSpec = 0;
			files = (
			);
			runOnlyForDeploymentPostprocessing = 1;
		};
		C8EB84591A75D7870022C2CD /* CopyFiles */ = {
			isa = PBXCopyFilesBuildPhase;
			buildActionMask = 2147483647;
			dstPath = /usr/share/man/man1/;
			dstSubfolderSpec = 0;
			files = (
			);
			runOnlyForDeploymentPostprocessing = 1;
		};
		C8EB84691A75D7D80022C2CD /* CopyFiles */ = {
			isa = PBXCopyFilesBuildPhase;
			buildActionMask = 2147483647;
			dstPath = /usr/share/man/man1/;
			dstSubfolderSpec = 0;
			files = (
			);
			runOnlyForDeploymentPostprocessing = 1;
		};
		C8EB84791A75D9CA0022C2CD /* CopyFiles */ = {
			isa = PBXCopyFilesBuildPhase;
			buildActionMask = 2147483647;
			dstPath = /usr/share/man/man1/;
			dstSubfolderSpec = 0;
			files = (
			);
			runOnlyForDeploymentPostprocessing = 1;
		};
		C8EB85091A75EC0E0022C2CD /* CopyFiles */ = {
			isa = PBXCopyFilesBuildPhase;
			buildActionMask = 2147483647;
			dstPath = /usr/share/man/man1/;
			dstSubfolderSpec = 0;
			files = (
			);
			runOnlyForDeploymentPostprocessing = 1;
		};
/* End PBXCopyFilesBuildPhase section */

/* Begin PBXFileReference section */
		C8440DBC1E0F6BFC00EB0EF4 /* libxml2.tbd */ = {isa = PBXFileReference; lastKnownFileType = "sourcecode.text-based-dylib-definition"; name = libxml2.tbd; path = usr/lib/libxml2.tbd; sourceTree = SDKROOT; };
		C8440DBE1E0F6C0600EB0EF4 /* libiconv.tbd */ = {isa = PBXFileReference; lastKnownFileType = "sourcecode.text-based-dylib-definition"; name = libiconv.tbd; path = usr/lib/libiconv.tbd; sourceTree = SDKROOT; };
		C847BEA71A7537F400271179 /* libimobiledevice.a */ = {isa = PBXFileReference; explicitFileType = "compiled.mach-o.dylib"; includeInIndex = 0; path = libimobiledevice.a; sourceTree = BUILT_PRODUCTS_DIR; };
		C847BEC31A75381B00271179 /* afc.c */ = {isa = PBXFileReference; fileEncoding = 4; lastKnownFileType = sourcecode.c.c; path = afc.c; sourceTree = "<group>"; };
		C847BEC41A75381B00271179 /* afc.h */ = {isa = PBXFileReference; fileEncoding = 4; lastKnownFileType = sourcecode.c.h; path = afc.h; sourceTree = "<group>"; };
		C847BEC51A75381B00271179 /* debugserver.c */ = {isa = PBXFileReference; fileEncoding = 4; lastKnownFileType = sourcecode.c.c; path = debugserver.c; sourceTree = "<group>"; };
		C847BEC61A75381B00271179 /* debugserver.h */ = {isa = PBXFileReference; fileEncoding = 4; lastKnownFileType = sourcecode.c.h; path = debugserver.h; sourceTree = "<group>"; };
		C847BEC71A75381B00271179 /* device_link_service.c */ = {isa = PBXFileReference; fileEncoding = 4; lastKnownFileType = sourcecode.c.c; path = device_link_service.c; sourceTree = "<group>"; };
		C847BEC81A75381B00271179 /* device_link_service.h */ = {isa = PBXFileReference; fileEncoding = 4; lastKnownFileType = sourcecode.c.h; path = device_link_service.h; sourceTree = "<group>"; };
		C847BEC91A75381B00271179 /* diagnostics_relay.c */ = {isa = PBXFileReference; fileEncoding = 4; lastKnownFileType = sourcecode.c.c; path = diagnostics_relay.c; sourceTree = "<group>"; };
		C847BECA1A75381B00271179 /* diagnostics_relay.h */ = {isa = PBXFileReference; fileEncoding = 4; lastKnownFileType = sourcecode.c.h; path = diagnostics_relay.h; sourceTree = "<group>"; };
		C847BECB1A75381B00271179 /* file_relay.c */ = {isa = PBXFileReference; fileEncoding = 4; lastKnownFileType = sourcecode.c.c; path = file_relay.c; sourceTree = "<group>"; };
		C847BECC1A75381B00271179 /* file_relay.h */ = {isa = PBXFileReference; fileEncoding = 4; lastKnownFileType = sourcecode.c.h; path = file_relay.h; sourceTree = "<group>"; };
		C847BECD1A75381B00271179 /* heartbeat.c */ = {isa = PBXFileReference; fileEncoding = 4; lastKnownFileType = sourcecode.c.c; path = heartbeat.c; sourceTree = "<group>"; };
		C847BECE1A75381B00271179 /* heartbeat.h */ = {isa = PBXFileReference; fileEncoding = 4; lastKnownFileType = sourcecode.c.h; path = heartbeat.h; sourceTree = "<group>"; };
		C847BECF1A75381B00271179 /* house_arrest.c */ = {isa = PBXFileReference; fileEncoding = 4; lastKnownFileType = sourcecode.c.c; path = house_arrest.c; sourceTree = "<group>"; };
		C847BED01A75381B00271179 /* house_arrest.h */ = {isa = PBXFileReference; fileEncoding = 4; lastKnownFileType = sourcecode.c.h; path = house_arrest.h; sourceTree = "<group>"; };
		C847BED11A75381B00271179 /* idevice.c */ = {isa = PBXFileReference; fileEncoding = 4; lastKnownFileType = sourcecode.c.c; path = idevice.c; sourceTree = "<group>"; };
		C847BED21A75381B00271179 /* idevice.h */ = {isa = PBXFileReference; fileEncoding = 4; lastKnownFileType = sourcecode.c.h; path = idevice.h; sourceTree = "<group>"; };
		C847BED31A75381B00271179 /* installation_proxy.c */ = {isa = PBXFileReference; fileEncoding = 4; lastKnownFileType = sourcecode.c.c; path = installation_proxy.c; sourceTree = "<group>"; };
		C847BED41A75381B00271179 /* installation_proxy.h */ = {isa = PBXFileReference; fileEncoding = 4; lastKnownFileType = sourcecode.c.h; path = installation_proxy.h; sourceTree = "<group>"; };
		C847BED51A75381B00271179 /* lockdown.c */ = {isa = PBXFileReference; fileEncoding = 4; lastKnownFileType = sourcecode.c.c; path = lockdown.c; sourceTree = "<group>"; };
		C847BED61A75381B00271179 /* lockdown.h */ = {isa = PBXFileReference; fileEncoding = 4; lastKnownFileType = sourcecode.c.h; path = lockdown.h; sourceTree = "<group>"; };
		C847BED71A75381B00271179 /* Makefile.am */ = {isa = PBXFileReference; fileEncoding = 4; lastKnownFileType = text; path = Makefile.am; sourceTree = "<group>"; };
		C847BED81A75381B00271179 /* misagent.c */ = {isa = PBXFileReference; fileEncoding = 4; lastKnownFileType = sourcecode.c.c; path = misagent.c; sourceTree = "<group>"; };
		C847BED91A75381B00271179 /* misagent.h */ = {isa = PBXFileReference; fileEncoding = 4; lastKnownFileType = sourcecode.c.h; path = misagent.h; sourceTree = "<group>"; };
		C847BEDA1A75381B00271179 /* mobile_image_mounter.c */ = {isa = PBXFileReference; fileEncoding = 4; lastKnownFileType = sourcecode.c.c; path = mobile_image_mounter.c; sourceTree = "<group>"; };
		C847BEDB1A75381B00271179 /* mobile_image_mounter.h */ = {isa = PBXFileReference; fileEncoding = 4; lastKnownFileType = sourcecode.c.h; path = mobile_image_mounter.h; sourceTree = "<group>"; };
		C847BEDC1A75381B00271179 /* mobilebackup.c */ = {isa = PBXFileReference; fileEncoding = 4; lastKnownFileType = sourcecode.c.c; path = mobilebackup.c; sourceTree = "<group>"; };
		C847BEDD1A75381B00271179 /* mobilebackup.h */ = {isa = PBXFileReference; fileEncoding = 4; lastKnownFileType = sourcecode.c.h; path = mobilebackup.h; sourceTree = "<group>"; };
		C847BEDE1A75381B00271179 /* mobilebackup2.c */ = {isa = PBXFileReference; fileEncoding = 4; lastKnownFileType = sourcecode.c.c; path = mobilebackup2.c; sourceTree = "<group>"; };
		C847BEDF1A75381B00271179 /* mobilebackup2.h */ = {isa = PBXFileReference; fileEncoding = 4; lastKnownFileType = sourcecode.c.h; path = mobilebackup2.h; sourceTree = "<group>"; };
		C847BEE01A75381B00271179 /* mobilesync.c */ = {isa = PBXFileReference; fileEncoding = 4; lastKnownFileType = sourcecode.c.c; path = mobilesync.c; sourceTree = "<group>"; };
		C847BEE11A75381B00271179 /* mobilesync.h */ = {isa = PBXFileReference; fileEncoding = 4; lastKnownFileType = sourcecode.c.h; path = mobilesync.h; sourceTree = "<group>"; };
		C847BEE21A75381B00271179 /* notification_proxy.c */ = {isa = PBXFileReference; fileEncoding = 4; lastKnownFileType = sourcecode.c.c; path = notification_proxy.c; sourceTree = "<group>"; };
		C847BEE31A75381B00271179 /* notification_proxy.h */ = {isa = PBXFileReference; fileEncoding = 4; lastKnownFileType = sourcecode.c.h; path = notification_proxy.h; sourceTree = "<group>"; };
		C847BEE41A75381B00271179 /* property_list_service.c */ = {isa = PBXFileReference; fileEncoding = 4; lastKnownFileType = sourcecode.c.c; path = property_list_service.c; sourceTree = "<group>"; };
		C847BEE51A75381B00271179 /* property_list_service.h */ = {isa = PBXFileReference; fileEncoding = 4; lastKnownFileType = sourcecode.c.h; path = property_list_service.h; sourceTree = "<group>"; };
		C847BEE61A75381B00271179 /* restore.c */ = {isa = PBXFileReference; fileEncoding = 4; lastKnownFileType = sourcecode.c.c; path = restore.c; sourceTree = "<group>"; };
		C847BEE71A75381B00271179 /* restore.h */ = {isa = PBXFileReference; fileEncoding = 4; lastKnownFileType = sourcecode.c.h; path = restore.h; sourceTree = "<group>"; };
		C847BEE81A75381B00271179 /* sbservices.c */ = {isa = PBXFileReference; fileEncoding = 4; lastKnownFileType = sourcecode.c.c; path = sbservices.c; sourceTree = "<group>"; };
		C847BEE91A75381B00271179 /* sbservices.h */ = {isa = PBXFileReference; fileEncoding = 4; lastKnownFileType = sourcecode.c.h; path = sbservices.h; sourceTree = "<group>"; };
		C847BEEA1A75381B00271179 /* screenshotr.c */ = {isa = PBXFileReference; fileEncoding = 4; lastKnownFileType = sourcecode.c.c; path = screenshotr.c; sourceTree = "<group>"; };
		C847BEEB1A75381B00271179 /* screenshotr.h */ = {isa = PBXFileReference; fileEncoding = 4; lastKnownFileType = sourcecode.c.h; path = screenshotr.h; sourceTree = "<group>"; };
		C847BEEC1A75381B00271179 /* service.c */ = {isa = PBXFileReference; fileEncoding = 4; lastKnownFileType = sourcecode.c.c; path = service.c; sourceTree = "<group>"; };
		C847BEED1A75381B00271179 /* service.h */ = {isa = PBXFileReference; fileEncoding = 4; lastKnownFileType = sourcecode.c.h; path = service.h; sourceTree = "<group>"; };
		C847BEEE1A75381B00271179 /* syslog_relay.c */ = {isa = PBXFileReference; fileEncoding = 4; lastKnownFileType = sourcecode.c.c; path = syslog_relay.c; sourceTree = "<group>"; };
		C847BEEF1A75381B00271179 /* syslog_relay.h */ = {isa = PBXFileReference; fileEncoding = 4; lastKnownFileType = sourcecode.c.h; path = syslog_relay.h; sourceTree = "<group>"; };
		C847BEF01A75381B00271179 /* webinspector.c */ = {isa = PBXFileReference; fileEncoding = 4; lastKnownFileType = sourcecode.c.c; path = webinspector.c; sourceTree = "<group>"; };
		C847BEF11A75381B00271179 /* webinspector.h */ = {isa = PBXFileReference; fileEncoding = 4; lastKnownFileType = sourcecode.c.h; path = webinspector.h; sourceTree = "<group>"; };
		C847BF541A75382800271179 /* libusbmuxd.xcodeproj */ = {isa = PBXFileReference; lastKnownFileType = "wrapper.pb-project"; name = libusbmuxd.xcodeproj; path = ../../libusbmuxd/Xcode/libusbmuxd.xcodeproj; sourceTree = "<group>"; };
		C847BF5B1A75384D00271179 /* libusb.xcodeproj */ = {isa = PBXFileReference; lastKnownFileType = "wrapper.pb-project"; name = libusb.xcodeproj; path = ../../libusb/Xcode/libusb.xcodeproj; sourceTree = "<group>"; };
		C847BF711A75385D00271179 /* libplist.xcodeproj */ = {isa = PBXFileReference; lastKnownFileType = "wrapper.pb-project"; name = libplist.xcodeproj; path = ../../libplist/Xcode/libplist.xcodeproj; sourceTree = "<group>"; };
		C847BF791A753A4700271179 /* config.h */ = {isa = PBXFileReference; fileEncoding = 4; lastKnownFileType = sourcecode.c.h; path = config.h; sourceTree = "<group>"; };
		C847BF861A75405500271179 /* libcrypto.a */ = {isa = PBXFileReference; lastKnownFileType = archive.ar; path = libcrypto.a; sourceTree = "<group>"; };
		C847BF871A75405500271179 /* libssl.a */ = {isa = PBXFileReference; lastKnownFileType = archive.ar; path = libssl.a; sourceTree = "<group>"; };
		C847C0C91A7558C800271179 /* debug.c */ = {isa = PBXFileReference; fileEncoding = 4; lastKnownFileType = sourcecode.c.c; path = debug.c; sourceTree = "<group>"; };
		C847C0CA1A7558C800271179 /* debug.h */ = {isa = PBXFileReference; fileEncoding = 4; lastKnownFileType = sourcecode.c.h; path = debug.h; sourceTree = "<group>"; };
		C847C0CB1A7558C800271179 /* Makefile.am */ = {isa = PBXFileReference; fileEncoding = 4; lastKnownFileType = text; path = Makefile.am; sourceTree = "<group>"; };
		C847C0CC1A7558C800271179 /* socket.c */ = {isa = PBXFileReference; fileEncoding = 4; lastKnownFileType = sourcecode.c.c; path = socket.c; sourceTree = "<group>"; };
		C847C0CD1A7558C800271179 /* socket.h */ = {isa = PBXFileReference; fileEncoding = 4; lastKnownFileType = sourcecode.c.h; path = socket.h; sourceTree = "<group>"; };
		C847C0CE1A7558C800271179 /* thread.c */ = {isa = PBXFileReference; fileEncoding = 4; lastKnownFileType = sourcecode.c.c; path = thread.c; sourceTree = "<group>"; };
		C847C0CF1A7558C800271179 /* thread.h */ = {isa = PBXFileReference; fileEncoding = 4; lastKnownFileType = sourcecode.c.h; path = thread.h; sourceTree = "<group>"; };
		C847C0D01A7558C800271179 /* userpref.c */ = {isa = PBXFileReference; fileEncoding = 4; lastKnownFileType = sourcecode.c.c; path = userpref.c; sourceTree = "<group>"; };
		C847C0D11A7558C800271179 /* userpref.h */ = {isa = PBXFileReference; fileEncoding = 4; lastKnownFileType = sourcecode.c.h; path = userpref.h; sourceTree = "<group>"; };
		C847C0D21A7558C800271179 /* utils.c */ = {isa = PBXFileReference; fileEncoding = 4; lastKnownFileType = sourcecode.c.c; path = utils.c; sourceTree = "<group>"; };
		C847C0D31A7558C800271179 /* utils.h */ = {isa = PBXFileReference; fileEncoding = 4; lastKnownFileType = sourcecode.c.h; path = utils.h; sourceTree = "<group>"; };
		C847C0E31A755D8700271179 /* idevice_id.c */ = {isa = PBXFileReference; fileEncoding = 4; lastKnownFileType = sourcecode.c.c; path = idevice_id.c; sourceTree = "<group>"; };
		C847C0E41A755D8700271179 /* idevicebackup.c */ = {isa = PBXFileReference; fileEncoding = 4; lastKnownFileType = sourcecode.c.c; path = idevicebackup.c; sourceTree = "<group>"; };
		C847C0E51A755D8700271179 /* idevicebackup2.c */ = {isa = PBXFileReference; fileEncoding = 4; lastKnownFileType = sourcecode.c.c; path = idevicebackup2.c; sourceTree = "<group>"; };
		C847C0E61A755D8700271179 /* idevicecrashreport.c */ = {isa = PBXFileReference; fileEncoding = 4; lastKnownFileType = sourcecode.c.c; path = idevicecrashreport.c; sourceTree = "<group>"; };
		C847C0E71A755D8700271179 /* idevicedate.c */ = {isa = PBXFileReference; fileEncoding = 4; lastKnownFileType = sourcecode.c.c; path = idevicedate.c; sourceTree = "<group>"; };
		C847C0E81A755D8700271179 /* idevicedebug.c */ = {isa = PBXFileReference; fileEncoding = 4; lastKnownFileType = sourcecode.c.c; path = idevicedebug.c; sourceTree = "<group>"; };
		C847C0E91A755D8700271179 /* idevicedebugserverproxy.c */ = {isa = PBXFileReference; fileEncoding = 4; lastKnownFileType = sourcecode.c.c; path = idevicedebugserverproxy.c; sourceTree = "<group>"; };
		C847C0EA1A755D8700271179 /* idevicediagnostics.c */ = {isa = PBXFileReference; fileEncoding = 4; lastKnownFileType = sourcecode.c.c; path = idevicediagnostics.c; sourceTree = "<group>"; };
		C847C0EB1A755D8700271179 /* ideviceenterrecovery.c */ = {isa = PBXFileReference; fileEncoding = 4; lastKnownFileType = sourcecode.c.c; path = ideviceenterrecovery.c; sourceTree = "<group>"; };
		C847C0EC1A755D8700271179 /* ideviceimagemounter.c */ = {isa = PBXFileReference; fileEncoding = 4; lastKnownFileType = sourcecode.c.c; path = ideviceimagemounter.c; sourceTree = "<group>"; };
		C847C0ED1A755D8700271179 /* ideviceinfo.c */ = {isa = PBXFileReference; fileEncoding = 4; lastKnownFileType = sourcecode.c.c; path = ideviceinfo.c; sourceTree = "<group>"; };
		C847C0EE1A755D8700271179 /* idevicename.c */ = {isa = PBXFileReference; fileEncoding = 4; lastKnownFileType = sourcecode.c.c; path = idevicename.c; sourceTree = "<group>"; };
		C847C0EF1A755D8700271179 /* idevicenotificationproxy.c */ = {isa = PBXFileReference; fileEncoding = 4; lastKnownFileType = sourcecode.c.c; path = idevicenotificationproxy.c; sourceTree = "<group>"; };
		C847C0F01A755D8700271179 /* idevicepair.c */ = {isa = PBXFileReference; fileEncoding = 4; lastKnownFileType = sourcecode.c.c; path = idevicepair.c; sourceTree = "<group>"; };
		C847C0F11A755D8700271179 /* ideviceprovision.c */ = {isa = PBXFileReference; fileEncoding = 4; lastKnownFileType = sourcecode.c.c; path = ideviceprovision.c; sourceTree = "<group>"; };
		C847C0F21A755D8700271179 /* idevicescreenshot.c */ = {isa = PBXFileReference; fileEncoding = 4; lastKnownFileType = sourcecode.c.c; path = idevicescreenshot.c; sourceTree = "<group>"; };
		C847C0F31A755D8700271179 /* idevicesyslog.c */ = {isa = PBXFileReference; fileEncoding = 4; lastKnownFileType = sourcecode.c.c; path = idevicesyslog.c; sourceTree = "<group>"; };
		C847C0F41A755D8700271179 /* Makefile.am */ = {isa = PBXFileReference; fileEncoding = 4; lastKnownFileType = text; path = Makefile.am; sourceTree = "<group>"; };
		C847C1101A755DF300271179 /* ideviceinfo */ = {isa = PBXFileReference; explicitFileType = "compiled.mach-o.executable"; includeInIndex = 0; path = ideviceinfo; sourceTree = BUILT_PRODUCTS_DIR; };
		C8EB84091A75D4630022C2CD /* idevice_id */ = {isa = PBXFileReference; explicitFileType = "compiled.mach-o.executable"; includeInIndex = 0; path = idevice_id; sourceTree = BUILT_PRODUCTS_DIR; };
		C8EB841D1A75D5A80022C2CD /* idevicename */ = {isa = PBXFileReference; explicitFileType = "compiled.mach-o.executable"; includeInIndex = 0; path = idevicename; sourceTree = BUILT_PRODUCTS_DIR; };
		C8EB84371A75D66D0022C2CD /* idevicescreenshot */ = {isa = PBXFileReference; explicitFileType = "compiled.mach-o.executable"; includeInIndex = 0; path = idevicescreenshot; sourceTree = BUILT_PRODUCTS_DIR; };
		C8EB844D1A75D7030022C2CD /* idevicepair */ = {isa = PBXFileReference; explicitFileType = "compiled.mach-o.executable"; includeInIndex = 0; path = idevicepair; sourceTree = BUILT_PRODUCTS_DIR; };
		C8EB845D1A75D7870022C2CD /* idevicecrashreport */ = {isa = PBXFileReference; explicitFileType = "compiled.mach-o.executable"; includeInIndex = 0; path = idevicecrashreport; sourceTree = BUILT_PRODUCTS_DIR; };
		C8EB846D1A75D7D80022C2CD /* idevicesyslog */ = {isa = PBXFileReference; explicitFileType = "compiled.mach-o.executable"; includeInIndex = 0; path = idevicesyslog; sourceTree = BUILT_PRODUCTS_DIR; };
		C8EB847D1A75D9CA0022C2CD /* idevicediagnotics */ = {isa = PBXFileReference; explicitFileType = "compiled.mach-o.executable"; includeInIndex = 0; path = idevicediagnotics; sourceTree = BUILT_PRODUCTS_DIR; };
		C8EB850D1A75EC0E0022C2CD /* ideviceimagemounter */ = {isa = PBXFileReference; explicitFileType = "compiled.mach-o.executable"; includeInIndex = 0; path = ideviceimagemounter; sourceTree = BUILT_PRODUCTS_DIR; };
/* End PBXFileReference section */

/* Begin PBXFrameworksBuildPhase section */
		C847BEA41A7537F400271179 /* Frameworks */ = {
			isa = PBXFrameworksBuildPhase;
			buildActionMask = 2147483647;
			files = (
				C847BF891A75405500271179 /* libssl.a in Frameworks */,
				C847BF7B1A753AB300271179 /* libplist.a in Frameworks */,
				C847BF7C1A753AB300271179 /* libusb-1.0.0.a in Frameworks */,
				C847BF881A75405500271179 /* libcrypto.a in Frameworks */,
				C847BF7D1A753AB300271179 /* libusbmuxd.a in Frameworks */,
			);
			runOnlyForDeploymentPostprocessing = 0;
		};
		C847C10D1A755DF300271179 /* Frameworks */ = {
			isa = PBXFrameworksBuildPhase;
			buildActionMask = 2147483647;
			files = (
				C8440DC31E0F758200EB0EF4 /* libxml2.tbd in Frameworks */,
				C8440DC21E0F757E00EB0EF4 /* libiconv.tbd in Frameworks */,
				C847C11D1A755F2D00271179 /* libplist.a in Frameworks */,
				C847C1181A755E1600271179 /* libimobiledevice.a in Frameworks */,
			);
			runOnlyForDeploymentPostprocessing = 0;
		};
		C8EB84021A75D4630022C2CD /* Frameworks */ = {
			isa = PBXFrameworksBuildPhase;
			buildActionMask = 2147483647;
			files = (
				C8440DBF1E0F6C0600EB0EF4 /* libiconv.tbd in Frameworks */,
				C8440DBD1E0F6BFC00EB0EF4 /* libxml2.tbd in Frameworks */,
				C8EB84031A75D4630022C2CD /* libplist.a in Frameworks */,
				C8EB84041A75D4630022C2CD /* libimobiledevice.a in Frameworks */,
			);
			runOnlyForDeploymentPostprocessing = 0;
		};
		C8EB84161A75D5A80022C2CD /* Frameworks */ = {
			isa = PBXFrameworksBuildPhase;
			buildActionMask = 2147483647;
			files = (
				C8440DC11E0F6EDE00EB0EF4 /* libxml2.tbd in Frameworks */,
				C8440DC01E0F6ED700EB0EF4 /* libiconv.tbd in Frameworks */,
				C8EB84171A75D5A80022C2CD /* libplist.a in Frameworks */,
				C8EB84181A75D5A80022C2CD /* libimobiledevice.a in Frameworks */,
			);
			runOnlyForDeploymentPostprocessing = 0;
		};
		C8EB84301A75D66D0022C2CD /* Frameworks */ = {
			isa = PBXFrameworksBuildPhase;
			buildActionMask = 2147483647;
			files = (
				C8440DC51E0F75AA00EB0EF4 /* libxml2.tbd in Frameworks */,
				C8440DC41E0F75A400EB0EF4 /* libiconv.tbd in Frameworks */,
				C8EB84311A75D66D0022C2CD /* libplist.a in Frameworks */,
				C8EB84321A75D66D0022C2CD /* libimobiledevice.a in Frameworks */,
			);
			runOnlyForDeploymentPostprocessing = 0;
		};
		C8EB84461A75D7030022C2CD /* Frameworks */ = {
			isa = PBXFrameworksBuildPhase;
			buildActionMask = 2147483647;
			files = (
				C8440DC91E0F75CE00EB0EF4 /* libxml2.tbd in Frameworks */,
				C8440DC81E0F75CA00EB0EF4 /* libiconv.tbd in Frameworks */,
				C8EB84471A75D7030022C2CD /* libplist.a in Frameworks */,
				C8EB84481A75D7030022C2CD /* libimobiledevice.a in Frameworks */,
			);
			runOnlyForDeploymentPostprocessing = 0;
		};
		C8EB84561A75D7870022C2CD /* Frameworks */ = {
			isa = PBXFrameworksBuildPhase;
			buildActionMask = 2147483647;
			files = (
				C8440DCF1E0F75EC00EB0EF4 /* libxml2.tbd in Frameworks */,
				C8440DCE1E0F75E800EB0EF4 /* libiconv.tbd in Frameworks */,
				C8EB84571A75D7870022C2CD /* libplist.a in Frameworks */,
				C8EB84581A75D7870022C2CD /* libimobiledevice.a in Frameworks */,
			);
			runOnlyForDeploymentPostprocessing = 0;
		};
		C8EB84661A75D7D80022C2CD /* Frameworks */ = {
			isa = PBXFrameworksBuildPhase;
			buildActionMask = 2147483647;
			files = (
				C8440DC71E0F75C000EB0EF4 /* libxml2.tbd in Frameworks */,
				C8440DC61E0F75B900EB0EF4 /* libiconv.tbd in Frameworks */,
				C8EB84671A75D7D80022C2CD /* libplist.a in Frameworks */,
				C8EB84681A75D7D80022C2CD /* libimobiledevice.a in Frameworks */,
			);
			runOnlyForDeploymentPostprocessing = 0;
		};
		C8EB84761A75D9CA0022C2CD /* Frameworks */ = {
			isa = PBXFrameworksBuildPhase;
			buildActionMask = 2147483647;
			files = (
				C8440DCD1E0F75E300EB0EF4 /* libxml2.tbd in Frameworks */,
				C8440DCC1E0F75DF00EB0EF4 /* libiconv.tbd in Frameworks */,
				C8EB84771A75D9CA0022C2CD /* libplist.a in Frameworks */,
				C8EB84781A75D9CA0022C2CD /* libimobiledevice.a in Frameworks */,
			);
			runOnlyForDeploymentPostprocessing = 0;
		};
		C8EB85061A75EC0E0022C2CD /* Frameworks */ = {
			isa = PBXFrameworksBuildPhase;
			buildActionMask = 2147483647;
			files = (
				C8440DCB1E0F75D900EB0EF4 /* libxml2.tbd in Frameworks */,
				C8440DCA1E0F75D500EB0EF4 /* libiconv.tbd in Frameworks */,
				C8EB85071A75EC0E0022C2CD /* libplist.a in Frameworks */,
				C8EB85081A75EC0E0022C2CD /* libimobiledevice.a in Frameworks */,
			);
			runOnlyForDeploymentPostprocessing = 0;
		};
/* End PBXFrameworksBuildPhase section */

/* Begin PBXGroup section */
		C804F67D1A8C8B7C00A74780 /* Frameworks */ = {
			isa = PBXGroup;
			children = (
				C8440DBE1E0F6C0600EB0EF4 /* libiconv.tbd */,
				C8440DBC1E0F6BFC00EB0EF4 /* libxml2.tbd */,
				C847BF711A75385D00271179 /* libplist.xcodeproj */,
				C847BF5B1A75384D00271179 /* libusb.xcodeproj */,
				C847BF541A75382800271179 /* libusbmuxd.xcodeproj */,
				C847BF861A75405500271179 /* libcrypto.a */,
				C847BF871A75405500271179 /* libssl.a */,
			);
			name = Frameworks;
			sourceTree = "<group>";
		};
		C847BE9E1A7537F400271179 = {
			isa = PBXGroup;
			children = (
				C847BF791A753A4700271179 /* config.h */,
				C847C0C81A7558C800271179 /* common */,
				C804F67D1A8C8B7C00A74780 /* Frameworks */,
				C847BEA81A7537F400271179 /* Products */,
				C847BEC21A75381B00271179 /* src */,
				C847C0E21A755D8700271179 /* tools */,
			);
			sourceTree = "<group>";
		};
		C847BEA81A7537F400271179 /* Products */ = {
			isa = PBXGroup;
			children = (
				C847BEA71A7537F400271179 /* libimobiledevice.a */,
				C847C1101A755DF300271179 /* ideviceinfo */,
				C8EB84091A75D4630022C2CD /* idevice_id */,
				C8EB841D1A75D5A80022C2CD /* idevicename */,
				C8EB84371A75D66D0022C2CD /* idevicescreenshot */,
				C8EB844D1A75D7030022C2CD /* idevicepair */,
				C8EB845D1A75D7870022C2CD /* idevicecrashreport */,
				C8EB846D1A75D7D80022C2CD /* idevicesyslog */,
				C8EB847D1A75D9CA0022C2CD /* idevicediagnotics */,
				C8EB850D1A75EC0E0022C2CD /* ideviceimagemounter */,
			);
			name = Products;
			sourceTree = "<group>";
		};
		C847BEC21A75381B00271179 /* src */ = {
			isa = PBXGroup;
			children = (
				C847BEC31A75381B00271179 /* afc.c */,
				C847BEC41A75381B00271179 /* afc.h */,
				C847BEC51A75381B00271179 /* debugserver.c */,
				C847BEC61A75381B00271179 /* debugserver.h */,
				C847BEC71A75381B00271179 /* device_link_service.c */,
				C847BEC81A75381B00271179 /* device_link_service.h */,
				C847BEC91A75381B00271179 /* diagnostics_relay.c */,
				C847BECA1A75381B00271179 /* diagnostics_relay.h */,
				C847BECB1A75381B00271179 /* file_relay.c */,
				C847BECC1A75381B00271179 /* file_relay.h */,
				C847BECD1A75381B00271179 /* heartbeat.c */,
				C847BECE1A75381B00271179 /* heartbeat.h */,
				C847BECF1A75381B00271179 /* house_arrest.c */,
				C847BED01A75381B00271179 /* house_arrest.h */,
				C847BED11A75381B00271179 /* idevice.c */,
				C847BED21A75381B00271179 /* idevice.h */,
				C847BED31A75381B00271179 /* installation_proxy.c */,
				C847BED41A75381B00271179 /* installation_proxy.h */,
				C847BED51A75381B00271179 /* lockdown.c */,
				C847BED61A75381B00271179 /* lockdown.h */,
				C847BED71A75381B00271179 /* Makefile.am */,
				C847BED81A75381B00271179 /* misagent.c */,
				C847BED91A75381B00271179 /* misagent.h */,
				C847BEDA1A75381B00271179 /* mobile_image_mounter.c */,
				C847BEDB1A75381B00271179 /* mobile_image_mounter.h */,
				C847BEDC1A75381B00271179 /* mobilebackup.c */,
				C847BEDD1A75381B00271179 /* mobilebackup.h */,
				C847BEDE1A75381B00271179 /* mobilebackup2.c */,
				C847BEDF1A75381B00271179 /* mobilebackup2.h */,
				C847BEE01A75381B00271179 /* mobilesync.c */,
				C847BEE11A75381B00271179 /* mobilesync.h */,
				C847BEE21A75381B00271179 /* notification_proxy.c */,
				C847BEE31A75381B00271179 /* notification_proxy.h */,
				C847BEE41A75381B00271179 /* property_list_service.c */,
				C847BEE51A75381B00271179 /* property_list_service.h */,
				C847BEE61A75381B00271179 /* restore.c */,
				C847BEE71A75381B00271179 /* restore.h */,
				C847BEE81A75381B00271179 /* sbservices.c */,
				C847BEE91A75381B00271179 /* sbservices.h */,
				C847BEEA1A75381B00271179 /* screenshotr.c */,
				C847BEEB1A75381B00271179 /* screenshotr.h */,
				C847BEEC1A75381B00271179 /* service.c */,
				C847BEED1A75381B00271179 /* service.h */,
				C847BEEE1A75381B00271179 /* syslog_relay.c */,
				C847BEEF1A75381B00271179 /* syslog_relay.h */,
				C847BEF01A75381B00271179 /* webinspector.c */,
				C847BEF11A75381B00271179 /* webinspector.h */,
			);
			name = src;
			path = ../src;
			sourceTree = "<group>";
		};
		C847BF551A75382800271179 /* Products */ = {
			isa = PBXGroup;
			children = (
				C847BF5A1A75382800271179 /* libusbmuxd.a */,
			);
			name = Products;
			sourceTree = "<group>";
		};
		C847BF5C1A75384D00271179 /* Products */ = {
			isa = PBXGroup;
			children = (
				C847BF661A75384D00271179 /* libusb-1.0.0.a */,
				C847BF681A75384D00271179 /* xusb */,
				C847BF6A1A75384D00271179 /* dpfp */,
				C847BF6C1A75384D00271179 /* dpfp_threaded */,
				C847BF6E1A75384D00271179 /* fxload */,
				C847BF701A75384D00271179 /* listdevs */,
			);
			name = Products;
			sourceTree = "<group>";
		};
		C847BF721A75385D00271179 /* Products */ = {
			isa = PBXGroup;
			children = (
				C847BF761A75385D00271179 /* libplist.a */,
			);
			name = Products;
			sourceTree = "<group>";
		};
		C847C0C81A7558C800271179 /* common */ = {
			isa = PBXGroup;
			children = (
				C847C0C91A7558C800271179 /* debug.c */,
				C847C0CA1A7558C800271179 /* debug.h */,
				C847C0CB1A7558C800271179 /* Makefile.am */,
				C847C0CC1A7558C800271179 /* socket.c */,
				C847C0CD1A7558C800271179 /* socket.h */,
				C847C0CE1A7558C800271179 /* thread.c */,
				C847C0CF1A7558C800271179 /* thread.h */,
				C847C0D01A7558C800271179 /* userpref.c */,
				C847C0D11A7558C800271179 /* userpref.h */,
				C847C0D21A7558C800271179 /* utils.c */,
				C847C0D31A7558C800271179 /* utils.h */,
			);
			name = common;
			path = ../common;
			sourceTree = "<group>";
		};
		C847C0E21A755D8700271179 /* tools */ = {
			isa = PBXGroup;
			children = (
				C847C0E31A755D8700271179 /* idevice_id.c */,
				C847C0E41A755D8700271179 /* idevicebackup.c */,
				C847C0E51A755D8700271179 /* idevicebackup2.c */,
				C847C0E61A755D8700271179 /* idevicecrashreport.c */,
				C847C0E71A755D8700271179 /* idevicedate.c */,
				C847C0E81A755D8700271179 /* idevicedebug.c */,
				C847C0E91A755D8700271179 /* idevicedebugserverproxy.c */,
				C847C0EA1A755D8700271179 /* idevicediagnostics.c */,
				C847C0EB1A755D8700271179 /* ideviceenterrecovery.c */,
				C847C0EC1A755D8700271179 /* ideviceimagemounter.c */,
				C847C0ED1A755D8700271179 /* ideviceinfo.c */,
				C847C0EE1A755D8700271179 /* idevicename.c */,
				C847C0EF1A755D8700271179 /* idevicenotificationproxy.c */,
				C847C0F01A755D8700271179 /* idevicepair.c */,
				C847C0F11A755D8700271179 /* ideviceprovision.c */,
				C847C0F21A755D8700271179 /* idevicescreenshot.c */,
				C847C0F31A755D8700271179 /* idevicesyslog.c */,
				C847C0F41A755D8700271179 /* Makefile.am */,
			);
			name = tools;
			path = ../tools;
			sourceTree = "<group>";
		};
/* End PBXGroup section */

/* Begin PBXHeadersBuildPhase section */
		C847BEA51A7537F400271179 /* Headers */ = {
			isa = PBXHeadersBuildPhase;
			buildActionMask = 2147483647;
			files = (
			);
			runOnlyForDeploymentPostprocessing = 0;
		};
/* End PBXHeadersBuildPhase section */

/* Begin PBXNativeTarget section */
		C847BEA61A7537F400271179 /* libimobiledevice */ = {
			isa = PBXNativeTarget;
			buildConfigurationList = C847BEAB1A7537F400271179 /* Build configuration list for PBXNativeTarget "libimobiledevice" */;
			buildPhases = (
				C847BEA31A7537F400271179 /* Sources */,
				C847BEA41A7537F400271179 /* Frameworks */,
				C847BEA51A7537F400271179 /* Headers */,
			);
			buildRules = (
			);
			dependencies = (
				C847BF811A753B4800271179 /* PBXTargetDependency */,
				C847BF831A753B4800271179 /* PBXTargetDependency */,
				C847BF851A753B4800271179 /* PBXTargetDependency */,
			);
			name = libimobiledevice;
			productName = libimobiledevice;
			productReference = C847BEA71A7537F400271179 /* libimobiledevice.a */;
			productType = "com.apple.product-type.library.dynamic";
		};
		C847C10F1A755DF300271179 /* ideviceinfo */ = {
			isa = PBXNativeTarget;
			buildConfigurationList = C847C1141A755DF300271179 /* Build configuration list for PBXNativeTarget "ideviceinfo" */;
			buildPhases = (
				C847C10C1A755DF300271179 /* Sources */,
				C847C10D1A755DF300271179 /* Frameworks */,
				C847C10E1A755DF300271179 /* CopyFiles */,
			);
			buildRules = (
			);
			dependencies = (
				C847C11C1A755F2600271179 /* PBXTargetDependency */,
				C847C11A1A755E1B00271179 /* PBXTargetDependency */,
			);
			name = ideviceinfo;
			productName = ideviceinfo;
			productReference = C847C1101A755DF300271179 /* ideviceinfo */;
			productType = "com.apple.product-type.tool";
		};
		C8EB83FB1A75D4630022C2CD /* idevice_id */ = {
			isa = PBXNativeTarget;
			buildConfigurationList = C8EB84061A75D4630022C2CD /* Build configuration list for PBXNativeTarget "idevice_id" */;
			buildPhases = (
				C8EB84001A75D4630022C2CD /* Sources */,
				C8EB84021A75D4630022C2CD /* Frameworks */,
				C8EB84051A75D4630022C2CD /* CopyFiles */,
			);
			buildRules = (
			);
			dependencies = (
				C8EB83FC1A75D4630022C2CD /* PBXTargetDependency */,
				C8EB83FE1A75D4630022C2CD /* PBXTargetDependency */,
			);
			name = idevice_id;
			productName = ideviceinfo;
			productReference = C8EB84091A75D4630022C2CD /* idevice_id */;
			productType = "com.apple.product-type.tool";
		};
		C8EB840F1A75D5A80022C2CD /* idevicename */ = {
			isa = PBXNativeTarget;
			buildConfigurationList = C8EB841A1A75D5A80022C2CD /* Build configuration list for PBXNativeTarget "idevicename" */;
			buildPhases = (
				C8EB84141A75D5A80022C2CD /* Sources */,
				C8EB84161A75D5A80022C2CD /* Frameworks */,
				C8EB84191A75D5A80022C2CD /* CopyFiles */,
			);
			buildRules = (
			);
			dependencies = (
				C8EB84101A75D5A80022C2CD /* PBXTargetDependency */,
				C8EB84121A75D5A80022C2CD /* PBXTargetDependency */,
			);
			name = idevicename;
			productName = ideviceinfo;
			productReference = C8EB841D1A75D5A80022C2CD /* idevicename */;
			productType = "com.apple.product-type.tool";
		};
		C8EB84291A75D66D0022C2CD /* idevicescreenshot */ = {
			isa = PBXNativeTarget;
			buildConfigurationList = C8EB84341A75D66D0022C2CD /* Build configuration list for PBXNativeTarget "idevicescreenshot" */;
			buildPhases = (
				C8EB842E1A75D66D0022C2CD /* Sources */,
				C8EB84301A75D66D0022C2CD /* Frameworks */,
				C8EB84331A75D66D0022C2CD /* CopyFiles */,
			);
			buildRules = (
			);
			dependencies = (
				C8EB842A1A75D66D0022C2CD /* PBXTargetDependency */,
				C8EB842C1A75D66D0022C2CD /* PBXTargetDependency */,
			);
			name = idevicescreenshot;
			productName = ideviceinfo;
			productReference = C8EB84371A75D66D0022C2CD /* idevicescreenshot */;
			productType = "com.apple.product-type.tool";
		};
		C8EB843F1A75D7030022C2CD /* idevicepair */ = {
			isa = PBXNativeTarget;
			buildConfigurationList = C8EB844A1A75D7030022C2CD /* Build configuration list for PBXNativeTarget "idevicepair" */;
			buildPhases = (
				C8EB84441A75D7030022C2CD /* Sources */,
				C8EB84461A75D7030022C2CD /* Frameworks */,
				C8EB84491A75D7030022C2CD /* CopyFiles */,
			);
			buildRules = (
			);
			dependencies = (
				C8EB84401A75D7030022C2CD /* PBXTargetDependency */,
				C8EB84421A75D7030022C2CD /* PBXTargetDependency */,
			);
			name = idevicepair;
			productName = ideviceinfo;
			productReference = C8EB844D1A75D7030022C2CD /* idevicepair */;
			productType = "com.apple.product-type.tool";
		};
		C8EB844F1A75D7870022C2CD /* idevicecrashreport */ = {
			isa = PBXNativeTarget;
			buildConfigurationList = C8EB845A1A75D7870022C2CD /* Build configuration list for PBXNativeTarget "idevicecrashreport" */;
			buildPhases = (
				C8EB84541A75D7870022C2CD /* Sources */,
				C8EB84561A75D7870022C2CD /* Frameworks */,
				C8EB84591A75D7870022C2CD /* CopyFiles */,
			);
			buildRules = (
			);
			dependencies = (
				C8EB84501A75D7870022C2CD /* PBXTargetDependency */,
				C8EB84521A75D7870022C2CD /* PBXTargetDependency */,
			);
			name = idevicecrashreport;
			productName = ideviceinfo;
			productReference = C8EB845D1A75D7870022C2CD /* idevicecrashreport */;
			productType = "com.apple.product-type.tool";
		};
		C8EB845F1A75D7D80022C2CD /* idevicesyslog */ = {
			isa = PBXNativeTarget;
			buildConfigurationList = C8EB846A1A75D7D80022C2CD /* Build configuration list for PBXNativeTarget "idevicesyslog" */;
			buildPhases = (
				C8EB84641A75D7D80022C2CD /* Sources */,
				C8EB84661A75D7D80022C2CD /* Frameworks */,
				C8EB84691A75D7D80022C2CD /* CopyFiles */,
			);
			buildRules = (
			);
			dependencies = (
				C8EB84601A75D7D80022C2CD /* PBXTargetDependency */,
				C8EB84621A75D7D80022C2CD /* PBXTargetDependency */,
			);
			name = idevicesyslog;
			productName = ideviceinfo;
			productReference = C8EB846D1A75D7D80022C2CD /* idevicesyslog */;
			productType = "com.apple.product-type.tool";
		};
		C8EB846F1A75D9CA0022C2CD /* idevicediagnostics */ = {
			isa = PBXNativeTarget;
			buildConfigurationList = C8EB847A1A75D9CA0022C2CD /* Build configuration list for PBXNativeTarget "idevicediagnostics" */;
			buildPhases = (
				C8EB84741A75D9CA0022C2CD /* Sources */,
				C8EB84761A75D9CA0022C2CD /* Frameworks */,
				C8EB84791A75D9CA0022C2CD /* CopyFiles */,
			);
			buildRules = (
			);
			dependencies = (
				C8EB84701A75D9CA0022C2CD /* PBXTargetDependency */,
				C8EB84721A75D9CA0022C2CD /* PBXTargetDependency */,
			);
			name = idevicediagnostics;
			productName = ideviceinfo;
			productReference = C8EB847D1A75D9CA0022C2CD /* idevicediagnotics */;
			productType = "com.apple.product-type.tool";
		};
		C8EB84FF1A75EC0E0022C2CD /* ideviceimagemounter */ = {
			isa = PBXNativeTarget;
			buildConfigurationList = C8EB850A1A75EC0E0022C2CD /* Build configuration list for PBXNativeTarget "ideviceimagemounter" */;
			buildPhases = (
				C8EB85041A75EC0E0022C2CD /* Sources */,
				C8EB85061A75EC0E0022C2CD /* Frameworks */,
				C8EB85091A75EC0E0022C2CD /* CopyFiles */,
			);
			buildRules = (
			);
			dependencies = (
				C8EB85001A75EC0E0022C2CD /* PBXTargetDependency */,
				C8EB85021A75EC0E0022C2CD /* PBXTargetDependency */,
			);
			name = ideviceimagemounter;
			productName = ideviceinfo;
			productReference = C8EB850D1A75EC0E0022C2CD /* ideviceimagemounter */;
			productType = "com.apple.product-type.tool";
		};
/* End PBXNativeTarget section */

/* Begin PBXProject section */
		C847BE9F1A7537F400271179 /* Project object */ = {
			isa = PBXProject;
			attributes = {
				LastUpgradeCheck = 0610;
				ORGANIZATIONNAME = libimobiledevice;
				TargetAttributes = {
					C847BEA61A7537F400271179 = {
						CreatedOnToolsVersion = 6.1.1;
					};
					C847C10F1A755DF300271179 = {
						CreatedOnToolsVersion = 6.1.1;
					};
				};
			};
			buildConfigurationList = C847BEA21A7537F400271179 /* Build configuration list for PBXProject "libimobiledevice" */;
			compatibilityVersion = "Xcode 3.2";
			developmentRegion = English;
			hasScannedForEncodings = 0;
			knownRegions = (
				en,
			);
			mainGroup = C847BE9E1A7537F400271179;
			productRefGroup = C847BEA81A7537F400271179 /* Products */;
			projectDirPath = "";
			projectReferences = (
				{
					ProductGroup = C847BF721A75385D00271179 /* Products */;
					ProjectRef = C847BF711A75385D00271179 /* libplist.xcodeproj */;
				},
				{
					ProductGroup = C847BF5C1A75384D00271179 /* Products */;
					ProjectRef = C847BF5B1A75384D00271179 /* libusb.xcodeproj */;
				},
				{
					ProductGroup = C847BF551A75382800271179 /* Products */;
					ProjectRef = C847BF541A75382800271179 /* libusbmuxd.xcodeproj */;
				},
			);
			projectRoot = "";
			targets = (
				C847BEA61A7537F400271179 /* libimobiledevice */,
				C8EB83FB1A75D4630022C2CD /* idevice_id */,
				C8EB844F1A75D7870022C2CD /* idevicecrashreport */,
				C8EB846F1A75D9CA0022C2CD /* idevicediagnostics */,
				C847C10F1A755DF300271179 /* ideviceinfo */,
				C8EB84FF1A75EC0E0022C2CD /* ideviceimagemounter */,
				C8EB840F1A75D5A80022C2CD /* idevicename */,
				C8EB843F1A75D7030022C2CD /* idevicepair */,
				C8EB84291A75D66D0022C2CD /* idevicescreenshot */,
				C8EB845F1A75D7D80022C2CD /* idevicesyslog */,
			);
		};
/* End PBXProject section */

/* Begin PBXReferenceProxy section */
		C847BF5A1A75382800271179 /* libusbmuxd.a */ = {
			isa = PBXReferenceProxy;
			fileType = "compiled.mach-o.dylib";
			path = libusbmuxd.a;
			remoteRef = C847BF591A75382800271179 /* PBXContainerItemProxy */;
			sourceTree = BUILT_PRODUCTS_DIR;
		};
		C847BF661A75384D00271179 /* libusb-1.0.0.a */ = {
			isa = PBXReferenceProxy;
			fileType = "compiled.mach-o.dylib";
			path = "libusb-1.0.0.a";
			remoteRef = C847BF651A75384D00271179 /* PBXContainerItemProxy */;
			sourceTree = BUILT_PRODUCTS_DIR;
		};
		C847BF681A75384D00271179 /* xusb */ = {
			isa = PBXReferenceProxy;
			fileType = "compiled.mach-o.executable";
			path = xusb;
			remoteRef = C847BF671A75384D00271179 /* PBXContainerItemProxy */;
			sourceTree = BUILT_PRODUCTS_DIR;
		};
		C847BF6A1A75384D00271179 /* dpfp */ = {
			isa = PBXReferenceProxy;
			fileType = "compiled.mach-o.executable";
			path = dpfp;
			remoteRef = C847BF691A75384D00271179 /* PBXContainerItemProxy */;
			sourceTree = BUILT_PRODUCTS_DIR;
		};
		C847BF6C1A75384D00271179 /* dpfp_threaded */ = {
			isa = PBXReferenceProxy;
			fileType = "compiled.mach-o.executable";
			path = dpfp_threaded;
			remoteRef = C847BF6B1A75384D00271179 /* PBXContainerItemProxy */;
			sourceTree = BUILT_PRODUCTS_DIR;
		};
		C847BF6E1A75384D00271179 /* fxload */ = {
			isa = PBXReferenceProxy;
			fileType = "compiled.mach-o.executable";
			path = fxload;
			remoteRef = C847BF6D1A75384D00271179 /* PBXContainerItemProxy */;
			sourceTree = BUILT_PRODUCTS_DIR;
		};
		C847BF701A75384D00271179 /* listdevs */ = {
			isa = PBXReferenceProxy;
			fileType = "compiled.mach-o.executable";
			path = listdevs;
			remoteRef = C847BF6F1A75384D00271179 /* PBXContainerItemProxy */;
			sourceTree = BUILT_PRODUCTS_DIR;
		};
		C847BF761A75385D00271179 /* libplist.a */ = {
			isa = PBXReferenceProxy;
			fileType = "compiled.mach-o.dylib";
			path = libplist.a;
			remoteRef = C847BF751A75385D00271179 /* PBXContainerItemProxy */;
			sourceTree = BUILT_PRODUCTS_DIR;
		};
/* End PBXReferenceProxy section */

/* Begin PBXSourcesBuildPhase section */
		C847BEA31A7537F400271179 /* Sources */ = {
			isa = PBXSourcesBuildPhase;
			buildActionMask = 2147483647;
			files = (
				C847BF391A75381B00271179 /* sbservices.c in Sources */,
				C847C0DC1A7558C800271179 /* utils.c in Sources */,
				C847BF151A75381B00271179 /* afc.c in Sources */,
				C847BF2B1A75381B00271179 /* mobile_image_mounter.c in Sources */,
				C847BF271A75381B00271179 /* lockdown.c in Sources */,
				C847BF3F1A75381B00271179 /* syslog_relay.c in Sources */,
				C847BF2D1A75381B00271179 /* mobilebackup.c in Sources */,
				C847BF1B1A75381B00271179 /* diagnostics_relay.c in Sources */,
				C847BF3D1A75381B00271179 /* service.c in Sources */,
				C847BF1F1A75381B00271179 /* heartbeat.c in Sources */,
				C847BF2F1A75381B00271179 /* mobilebackup2.c in Sources */,
				C847BF1D1A75381B00271179 /* file_relay.c in Sources */,
				C847BF331A75381B00271179 /* notification_proxy.c in Sources */,
				C847BF211A75381B00271179 /* house_arrest.c in Sources */,
				C847BF411A75381B00271179 /* webinspector.c in Sources */,
				C847BF251A75381B00271179 /* installation_proxy.c in Sources */,
				C847C0D41A7558C800271179 /* debug.c in Sources */,
				C847BF291A75381B00271179 /* misagent.c in Sources */,
				C847BF231A75381B00271179 /* idevice.c in Sources */,
				C847BF371A75381B00271179 /* restore.c in Sources */,
				C847C0D81A7558C800271179 /* thread.c in Sources */,
				C847C0D61A7558C800271179 /* socket.c in Sources */,
				C847BF311A75381B00271179 /* mobilesync.c in Sources */,
				C847BF351A75381B00271179 /* property_list_service.c in Sources */,
				C847BF191A75381B00271179 /* device_link_service.c in Sources */,
				C847C0DA1A7558C800271179 /* userpref.c in Sources */,
				C847BF171A75381B00271179 /* debugserver.c in Sources */,
				C847BF3B1A75381B00271179 /* screenshotr.c in Sources */,
			);
			runOnlyForDeploymentPostprocessing = 0;
		};
		C847C10C1A755DF300271179 /* Sources */ = {
			isa = PBXSourcesBuildPhase;
			buildActionMask = 2147483647;
			files = (
				C847C1171A755E1100271179 /* ideviceinfo.c in Sources */,
			);
			runOnlyForDeploymentPostprocessing = 0;
		};
		C8EB84001A75D4630022C2CD /* Sources */ = {
			isa = PBXSourcesBuildPhase;
			buildActionMask = 2147483647;
			files = (
				C8EB840A1A75D49C0022C2CD /* idevice_id.c in Sources */,
			);
			runOnlyForDeploymentPostprocessing = 0;
		};
		C8EB84141A75D5A80022C2CD /* Sources */ = {
			isa = PBXSourcesBuildPhase;
			buildActionMask = 2147483647;
			files = (
				C8EB84241A75D5F50022C2CD /* idevicename.c in Sources */,
			);
			runOnlyForDeploymentPostprocessing = 0;
		};
		C8EB842E1A75D66D0022C2CD /* Sources */ = {
			isa = PBXSourcesBuildPhase;
			buildActionMask = 2147483647;
			files = (
				C8EB843E1A75D69A0022C2CD /* idevicescreenshot.c in Sources */,
			);
			runOnlyForDeploymentPostprocessing = 0;
		};
		C8EB84441A75D7030022C2CD /* Sources */ = {
			isa = PBXSourcesBuildPhase;
			buildActionMask = 2147483647;
			files = (
				C8EB844E1A75D7150022C2CD /* idevicepair.c in Sources */,
			);
			runOnlyForDeploymentPostprocessing = 0;
		};
		C8EB84541A75D7870022C2CD /* Sources */ = {
			isa = PBXSourcesBuildPhase;
			buildActionMask = 2147483647;
			files = (
				C8EB845E1A75D7A90022C2CD /* idevicecrashreport.c in Sources */,
			);
			runOnlyForDeploymentPostprocessing = 0;
		};
		C8EB84641A75D7D80022C2CD /* Sources */ = {
			isa = PBXSourcesBuildPhase;
			buildActionMask = 2147483647;
			files = (
				C8EB846E1A75D7F50022C2CD /* idevicesyslog.c in Sources */,
			);
			runOnlyForDeploymentPostprocessing = 0;
		};
		C8EB84741A75D9CA0022C2CD /* Sources */ = {
			isa = PBXSourcesBuildPhase;
			buildActionMask = 2147483647;
			files = (
				C8EB847E1A75D9F60022C2CD /* idevicediagnostics.c in Sources */,
			);
			runOnlyForDeploymentPostprocessing = 0;
		};
		C8EB85041A75EC0E0022C2CD /* Sources */ = {
			isa = PBXSourcesBuildPhase;
			buildActionMask = 2147483647;
			files = (
				C8EB85141A75EC2A0022C2CD /* ideviceimagemounter.c in Sources */,
			);
			runOnlyForDeploymentPostprocessing = 0;
		};
/* End PBXSourcesBuildPhase section */

/* Begin PBXTargetDependency section */
		C847BF811A753B4800271179 /* PBXTargetDependency */ = {
			isa = PBXTargetDependency;
			name = libplist;
			targetProxy = C847BF801A753B4800271179 /* PBXContainerItemProxy */;
		};
		C847BF831A753B4800271179 /* PBXTargetDependency */ = {
			isa = PBXTargetDependency;
			name = libusb;
			targetProxy = C847BF821A753B4800271179 /* PBXContainerItemProxy */;
		};
		C847BF851A753B4800271179 /* PBXTargetDependency */ = {
			isa = PBXTargetDependency;
			name = libusbmuxd;
			targetProxy = C847BF841A753B4800271179 /* PBXContainerItemProxy */;
		};
		C847C11A1A755E1B00271179 /* PBXTargetDependency */ = {
			isa = PBXTargetDependency;
			target = C847BEA61A7537F400271179 /* libimobiledevice */;
			targetProxy = C847C1191A755E1B00271179 /* PBXContainerItemProxy */;
		};
		C847C11C1A755F2600271179 /* PBXTargetDependency */ = {
			isa = PBXTargetDependency;
			name = libplist;
			targetProxy = C847C11B1A755F2600271179 /* PBXContainerItemProxy */;
		};
		C8EB83FC1A75D4630022C2CD /* PBXTargetDependency */ = {
			isa = PBXTargetDependency;
			name = libplist;
			targetProxy = C8EB83FD1A75D4630022C2CD /* PBXContainerItemProxy */;
		};
		C8EB83FE1A75D4630022C2CD /* PBXTargetDependency */ = {
			isa = PBXTargetDependency;
			target = C847BEA61A7537F400271179 /* libimobiledevice */;
			targetProxy = C8EB83FF1A75D4630022C2CD /* PBXContainerItemProxy */;
		};
		C8EB84101A75D5A80022C2CD /* PBXTargetDependency */ = {
			isa = PBXTargetDependency;
			name = libplist;
			targetProxy = C8EB84111A75D5A80022C2CD /* PBXContainerItemProxy */;
		};
		C8EB84121A75D5A80022C2CD /* PBXTargetDependency */ = {
			isa = PBXTargetDependency;
			target = C847BEA61A7537F400271179 /* libimobiledevice */;
			targetProxy = C8EB84131A75D5A80022C2CD /* PBXContainerItemProxy */;
		};
		C8EB842A1A75D66D0022C2CD /* PBXTargetDependency */ = {
			isa = PBXTargetDependency;
			name = libplist;
			targetProxy = C8EB842B1A75D66D0022C2CD /* PBXContainerItemProxy */;
		};
		C8EB842C1A75D66D0022C2CD /* PBXTargetDependency */ = {
			isa = PBXTargetDependency;
			target = C847BEA61A7537F400271179 /* libimobiledevice */;
			targetProxy = C8EB842D1A75D66D0022C2CD /* PBXContainerItemProxy */;
		};
		C8EB84401A75D7030022C2CD /* PBXTargetDependency */ = {
			isa = PBXTargetDependency;
			name = libplist;
			targetProxy = C8EB84411A75D7030022C2CD /* PBXContainerItemProxy */;
		};
		C8EB84421A75D7030022C2CD /* PBXTargetDependency */ = {
			isa = PBXTargetDependency;
			target = C847BEA61A7537F400271179 /* libimobiledevice */;
			targetProxy = C8EB84431A75D7030022C2CD /* PBXContainerItemProxy */;
		};
		C8EB84501A75D7870022C2CD /* PBXTargetDependency */ = {
			isa = PBXTargetDependency;
			name = libplist;
			targetProxy = C8EB84511A75D7870022C2CD /* PBXContainerItemProxy */;
		};
		C8EB84521A75D7870022C2CD /* PBXTargetDependency */ = {
			isa = PBXTargetDependency;
			target = C847BEA61A7537F400271179 /* libimobiledevice */;
			targetProxy = C8EB84531A75D7870022C2CD /* PBXContainerItemProxy */;
		};
		C8EB84601A75D7D80022C2CD /* PBXTargetDependency */ = {
			isa = PBXTargetDependency;
			name = libplist;
			targetProxy = C8EB84611A75D7D80022C2CD /* PBXContainerItemProxy */;
		};
		C8EB84621A75D7D80022C2CD /* PBXTargetDependency */ = {
			isa = PBXTargetDependency;
			target = C847BEA61A7537F400271179 /* libimobiledevice */;
			targetProxy = C8EB84631A75D7D80022C2CD /* PBXContainerItemProxy */;
		};
		C8EB84701A75D9CA0022C2CD /* PBXTargetDependency */ = {
			isa = PBXTargetDependency;
			name = libplist;
			targetProxy = C8EB84711A75D9CA0022C2CD /* PBXContainerItemProxy */;
		};
		C8EB84721A75D9CA0022C2CD /* PBXTargetDependency */ = {
			isa = PBXTargetDependency;
			target = C847BEA61A7537F400271179 /* libimobiledevice */;
			targetProxy = C8EB84731A75D9CA0022C2CD /* PBXContainerItemProxy */;
		};
		C8EB85001A75EC0E0022C2CD /* PBXTargetDependency */ = {
			isa = PBXTargetDependency;
			name = libplist;
			targetProxy = C8EB85011A75EC0E0022C2CD /* PBXContainerItemProxy */;
		};
		C8EB85021A75EC0E0022C2CD /* PBXTargetDependency */ = {
			isa = PBXTargetDependency;
			target = C847BEA61A7537F400271179 /* libimobiledevice */;
			targetProxy = C8EB85031A75EC0E0022C2CD /* PBXContainerItemProxy */;
		};
/* End PBXTargetDependency section */

/* Begin XCBuildConfiguration section */
		C847BEA91A7537F400271179 /* Debug */ = {
			isa = XCBuildConfiguration;
			buildSettings = {
				ALWAYS_SEARCH_USER_PATHS = NO;
				CLANG_CXX_LANGUAGE_STANDARD = "gnu++0x";
				CLANG_CXX_LIBRARY = "libc++";
				CLANG_ENABLE_MODULES = YES;
				CLANG_ENABLE_OBJC_ARC = YES;
				CLANG_WARN_BOOL_CONVERSION = YES;
				CLANG_WARN_CONSTANT_CONVERSION = YES;
				CLANG_WARN_DIRECT_OBJC_ISA_USAGE = YES_ERROR;
				CLANG_WARN_EMPTY_BODY = YES;
				CLANG_WARN_ENUM_CONVERSION = YES;
				CLANG_WARN_INT_CONVERSION = YES;
				CLANG_WARN_OBJC_ROOT_CLASS = YES_ERROR;
				CLANG_WARN_UNREACHABLE_CODE = YES;
				CLANG_WARN__DUPLICATE_METHOD_MATCH = YES;
				COPY_PHASE_STRIP = NO;
				ENABLE_STRICT_OBJC_MSGSEND = YES;
				GCC_C_LANGUAGE_STANDARD = gnu99;
				GCC_DYNAMIC_NO_PIC = NO;
				GCC_OPTIMIZATION_LEVEL = 0;
				GCC_PREPROCESSOR_DEFINITIONS = (
					"DEBUG=1",
					"$(inherited)",
				);
				GCC_SYMBOLS_PRIVATE_EXTERN = NO;
				GCC_WARN_64_TO_32_BIT_CONVERSION = YES;
				GCC_WARN_ABOUT_RETURN_TYPE = YES_ERROR;
				GCC_WARN_UNDECLARED_SELECTOR = YES;
				GCC_WARN_UNINITIALIZED_AUTOS = YES_AGGRESSIVE;
				GCC_WARN_UNUSED_FUNCTION = YES;
				GCC_WARN_UNUSED_VARIABLE = YES;
				MACOSX_DEPLOYMENT_TARGET = 10.9;
				MTL_ENABLE_DEBUG_INFO = YES;
				ONLY_ACTIVE_ARCH = YES;
				SDKROOT = macosx;
			};
			name = Debug;
		};
		C847BEAA1A7537F400271179 /* Release */ = {
			isa = XCBuildConfiguration;
			buildSettings = {
				ALWAYS_SEARCH_USER_PATHS = NO;
				CLANG_CXX_LANGUAGE_STANDARD = "gnu++0x";
				CLANG_CXX_LIBRARY = "libc++";
				CLANG_ENABLE_MODULES = YES;
				CLANG_ENABLE_OBJC_ARC = YES;
				CLANG_WARN_BOOL_CONVERSION = YES;
				CLANG_WARN_CONSTANT_CONVERSION = YES;
				CLANG_WARN_DIRECT_OBJC_ISA_USAGE = YES_ERROR;
				CLANG_WARN_EMPTY_BODY = YES;
				CLANG_WARN_ENUM_CONVERSION = YES;
				CLANG_WARN_INT_CONVERSION = YES;
				CLANG_WARN_OBJC_ROOT_CLASS = YES_ERROR;
				CLANG_WARN_UNREACHABLE_CODE = YES;
				CLANG_WARN__DUPLICATE_METHOD_MATCH = YES;
				COPY_PHASE_STRIP = YES;
				DEBUG_INFORMATION_FORMAT = "dwarf-with-dsym";
				ENABLE_NS_ASSERTIONS = NO;
				ENABLE_STRICT_OBJC_MSGSEND = YES;
				GCC_C_LANGUAGE_STANDARD = gnu99;
				GCC_WARN_64_TO_32_BIT_CONVERSION = YES;
				GCC_WARN_ABOUT_RETURN_TYPE = YES_ERROR;
				GCC_WARN_UNDECLARED_SELECTOR = YES;
				GCC_WARN_UNINITIALIZED_AUTOS = YES_AGGRESSIVE;
				GCC_WARN_UNUSED_FUNCTION = YES;
				GCC_WARN_UNUSED_VARIABLE = YES;
				MACOSX_DEPLOYMENT_TARGET = 10.9;
				MTL_ENABLE_DEBUG_INFO = NO;
				SDKROOT = macosx;
			};
			name = Release;
		};
		C847BEAC1A7537F400271179 /* Debug */ = {
			isa = XCBuildConfiguration;
			buildSettings = {
				ALWAYS_SEARCH_USER_PATHS = YES;
				DYLIB_COMPATIBILITY_VERSION = 1;
				DYLIB_CURRENT_VERSION = 1;
				EXECUTABLE_EXTENSION = a;
				EXECUTABLE_PREFIX = "";
				GCC_C_LANGUAGE_STANDARD = gnu99;
				HEADER_SEARCH_PATHS = (
					.,
					../,
					../include/,
					../../libusbmuxd/include/,
					../../libplist/include/,
					../../libusb/libusb/,
				);
				INSTALL_PATH = "@executable_path/";
				LIBRARY_SEARCH_PATHS = (
					"$(inherited)",
					"$(PROJECT_DIR)",
				);
				MACH_O_TYPE = staticlib;
				MACOSX_DEPLOYMENT_TARGET = 10.9;
				OTHER_CFLAGS = (
					"-DHAVE_OPENSSL",
					"-DHAVE_STPCPY",
					"-DHAVE_VASPRINTF",
					"-DHAVE_ASPRINTF",
				);
				PRODUCT_NAME = "$(TARGET_NAME)";
				SDKROOT = macosx;
			};
			name = Debug;
		};
		C847BEAD1A7537F400271179 /* Release */ = {
			isa = XCBuildConfiguration;
			buildSettings = {
				ALWAYS_SEARCH_USER_PATHS = YES;
				DYLIB_COMPATIBILITY_VERSION = 1;
				DYLIB_CURRENT_VERSION = 1;
				EXECUTABLE_EXTENSION = a;
				EXECUTABLE_PREFIX = "";
				GCC_C_LANGUAGE_STANDARD = gnu99;
				HEADER_SEARCH_PATHS = (
					.,
					../,
					../include/,
					../../libusbmuxd/include/,
					../../libplist/include/,
					../../libusb/libusb/,
				);
				INSTALL_PATH = "@executable_path/";
				LIBRARY_SEARCH_PATHS = (
					"$(inherited)",
					"$(PROJECT_DIR)",
				);
				MACH_O_TYPE = staticlib;
				MACOSX_DEPLOYMENT_TARGET = 10.9;
				OTHER_CFLAGS = (
					"-DHAVE_OPENSSL",
					"-DHAVE_STPCPY",
					"-DHAVE_VASPRINTF",
					"-DHAVE_ASPRINTF",
				);
				PRODUCT_NAME = "$(TARGET_NAME)";
				SDKROOT = macosx;
				SEPARATE_STRIP = NO;
			};
			name = Release;
		};
		C847C1151A755DF300271179 /* Debug */ = {
			isa = XCBuildConfiguration;
			buildSettings = {
				ALWAYS_SEARCH_USER_PATHS = YES;
				GCC_C_LANGUAGE_STANDARD = gnu99;
				GCC_PREPROCESSOR_DEFINITIONS = (
					"DEBUG=1",
					"$(inherited)",
				);
				HEADER_SEARCH_PATHS = (
					./,
					../,
					../include/,
					../../libplist/include/,
				);
				INSTALL_PATH = "@executable_path";
				OTHER_CFLAGS = "-DHAVE_CONFIG_H";
				PRODUCT_NAME = "$(TARGET_NAME)";
			};
			name = Debug;
		};
		C847C1161A755DF300271179 /* Release */ = {
			isa = XCBuildConfiguration;
			buildSettings = {
				ALWAYS_SEARCH_USER_PATHS = YES;
				GCC_C_LANGUAGE_STANDARD = gnu99;
				HEADER_SEARCH_PATHS = (
					./,
					../,
					../include/,
					../../libplist/include/,
				);
				INSTALL_PATH = "@executable_path";
				OTHER_CFLAGS = "-DHAVE_CONFIG_H";
				PRODUCT_NAME = "$(TARGET_NAME)";
			};
			name = Release;
		};
		C8EB84071A75D4630022C2CD /* Debug */ = {
			isa = XCBuildConfiguration;
			buildSettings = {
				ALWAYS_SEARCH_USER_PATHS = YES;
				GCC_C_LANGUAGE_STANDARD = gnu99;
				GCC_PREPROCESSOR_DEFINITIONS = (
					"DEBUG=1",
					"$(inherited)",
				);
				HEADER_SEARCH_PATHS = (
					./,
					../,
					../include/,
					../../libplist/include/,
				);
				INSTALL_PATH = "@executable_path";
				OTHER_CFLAGS = "-DHAVE_CONFIG_H";
				PRODUCT_NAME = idevice_id;
			};
			name = Debug;
		};
		C8EB84081A75D4630022C2CD /* Release */ = {
			isa = XCBuildConfiguration;
			buildSettings = {
				ALWAYS_SEARCH_USER_PATHS = YES;
				GCC_C_LANGUAGE_STANDARD = gnu99;
				HEADER_SEARCH_PATHS = (
					./,
					../,
					../include/,
					../../libplist/include/,
				);
				INSTALL_PATH = "@executable_path";
				OTHER_CFLAGS = "-DHAVE_CONFIG_H";
				PRODUCT_NAME = idevice_id;
			};
			name = Release;
		};
		C8EB841B1A75D5A80022C2CD /* Debug */ = {
			isa = XCBuildConfiguration;
			buildSettings = {
				ALWAYS_SEARCH_USER_PATHS = YES;
				GCC_C_LANGUAGE_STANDARD = gnu99;
				GCC_PREPROCESSOR_DEFINITIONS = (
					"DEBUG=1",
					"$(inherited)",
				);
				HEADER_SEARCH_PATHS = (
					./,
					../,
					../include/,
					../../libplist/include/,
				);
				INSTALL_PATH = "@executable_path";
				OTHER_CFLAGS = "-DHAVE_CONFIG_H";
				PRODUCT_NAME = idevicename;
			};
			name = Debug;
		};
		C8EB841C1A75D5A80022C2CD /* Release */ = {
			isa = XCBuildConfiguration;
			buildSettings = {
				ALWAYS_SEARCH_USER_PATHS = YES;
				GCC_C_LANGUAGE_STANDARD = gnu99;
				HEADER_SEARCH_PATHS = (
					./,
					../,
					../include/,
					../../libplist/include/,
				);
				INSTALL_PATH = "@executable_path";
				OTHER_CFLAGS = "-DHAVE_CONFIG_H";
				PRODUCT_NAME = idevicename;
			};
			name = Release;
		};
		C8EB84351A75D66D0022C2CD /* Debug */ = {
			isa = XCBuildConfiguration;
			buildSettings = {
				ALWAYS_SEARCH_USER_PATHS = YES;
				GCC_C_LANGUAGE_STANDARD = gnu99;
				GCC_PREPROCESSOR_DEFINITIONS = (
					"DEBUG=1",
					"$(inherited)",
				);
				HEADER_SEARCH_PATHS = (
					./,
					../,
					../include/,
					../../libplist/include/,
				);
				INSTALL_PATH = "@executable_path";
				OTHER_CFLAGS = "-DHAVE_CONFIG_H";
				PRODUCT_NAME = idevicescreenshot;
			};
			name = Debug;
		};
		C8EB84361A75D66D0022C2CD /* Release */ = {
			isa = XCBuildConfiguration;
			buildSettings = {
				ALWAYS_SEARCH_USER_PATHS = YES;
				GCC_C_LANGUAGE_STANDARD = gnu99;
				HEADER_SEARCH_PATHS = (
					./,
					../,
					../include/,
					../../libplist/include/,
				);
				INSTALL_PATH = "@executable_path";
				OTHER_CFLAGS = "-DHAVE_CONFIG_H";
				PRODUCT_NAME = idevicescreenshot;
			};
			name = Release;
		};
		C8EB844B1A75D7030022C2CD /* Debug */ = {
			isa = XCBuildConfiguration;
			buildSettings = {
				ALWAYS_SEARCH_USER_PATHS = YES;
				GCC_C_LANGUAGE_STANDARD = gnu99;
				GCC_PREPROCESSOR_DEFINITIONS = (
					"DEBUG=1",
					"$(inherited)",
				);
				HEADER_SEARCH_PATHS = (
					./,
					../,
					../include/,
					../../libplist/include/,
				);
				INSTALL_PATH = "@executable_path";
				OTHER_CFLAGS = "-DHAVE_CONFIG_H";
				PRODUCT_NAME = idevicepair;
			};
			name = Debug;
		};
		C8EB844C1A75D7030022C2CD /* Release */ = {
			isa = XCBuildConfiguration;
			buildSettings = {
				ALWAYS_SEARCH_USER_PATHS = YES;
				GCC_C_LANGUAGE_STANDARD = gnu99;
				HEADER_SEARCH_PATHS = (
					./,
					../,
					../include/,
					../../libplist/include/,
				);
				INSTALL_PATH = "@executable_path";
				OTHER_CFLAGS = "-DHAVE_CONFIG_H";
				PRODUCT_NAME = idevicepair;
			};
			name = Release;
		};
		C8EB845B1A75D7870022C2CD /* Debug */ = {
			isa = XCBuildConfiguration;
			buildSettings = {
				ALWAYS_SEARCH_USER_PATHS = YES;
				GCC_C_LANGUAGE_STANDARD = gnu99;
				GCC_PREPROCESSOR_DEFINITIONS = (
					"DEBUG=1",
					"$(inherited)",
				);
				HEADER_SEARCH_PATHS = (
					./,
					../,
					../include/,
					../../libplist/include/,
				);
				INSTALL_PATH = "@executable_path";
				OTHER_CFLAGS = "-DHAVE_CONFIG_H";
				PRODUCT_NAME = idevicecrashreport;
			};
			name = Debug;
		};
		C8EB845C1A75D7870022C2CD /* Release */ = {
			isa = XCBuildConfiguration;
			buildSettings = {
				ALWAYS_SEARCH_USER_PATHS = YES;
				GCC_C_LANGUAGE_STANDARD = gnu99;
				HEADER_SEARCH_PATHS = (
					./,
					../,
					../include/,
					../../libplist/include/,
				);
				INSTALL_PATH = "@executable_path";
				OTHER_CFLAGS = "-DHAVE_CONFIG_H";
				PRODUCT_NAME = idevicecrashreport;
			};
			name = Release;
		};
		C8EB846B1A75D7D80022C2CD /* Debug */ = {
			isa = XCBuildConfiguration;
			buildSettings = {
				ALWAYS_SEARCH_USER_PATHS = YES;
				GCC_C_LANGUAGE_STANDARD = gnu99;
				GCC_PREPROCESSOR_DEFINITIONS = (
					"DEBUG=1",
					"$(inherited)",
				);
				HEADER_SEARCH_PATHS = (
					./,
					../,
					../include/,
					../../libplist/include/,
				);
				INSTALL_PATH = "@executable_path";
				OTHER_CFLAGS = (
					"-DHAVE_CONFIG_H",
					"-D_SYS_SYSLOG_H_",
				);
				PRODUCT_NAME = idevicesyslog;
			};
			name = Debug;
		};
		C8EB846C1A75D7D80022C2CD /* Release */ = {
			isa = XCBuildConfiguration;
			buildSettings = {
				ALWAYS_SEARCH_USER_PATHS = YES;
				GCC_C_LANGUAGE_STANDARD = gnu99;
				HEADER_SEARCH_PATHS = (
					./,
					../,
					../include/,
					../../libplist/include/,
				);
				INSTALL_PATH = "@executable_path";
				OTHER_CFLAGS = (
					"-DHAVE_CONFIG_H",
					"-D_SYS_SYSLOG_H_",
				);
				PRODUCT_NAME = idevicesyslog;
			};
			name = Release;
		};
		C8EB847B1A75D9CA0022C2CD /* Debug */ = {
			isa = XCBuildConfiguration;
			buildSettings = {
				ALWAYS_SEARCH_USER_PATHS = YES;
				GCC_C_LANGUAGE_STANDARD = gnu99;
				GCC_PREPROCESSOR_DEFINITIONS = (
					"DEBUG=1",
					"$(inherited)",
				);
				HEADER_SEARCH_PATHS = (
					./,
					../,
					../include/,
					../../libplist/include/,
				);
				INSTALL_PATH = "@executable_path";
				OTHER_CFLAGS = "-DHAVE_CONFIG_H";
				PRODUCT_NAME = idevicediagnotics;
			};
			name = Debug;
		};
		C8EB847C1A75D9CA0022C2CD /* Release */ = {
			isa = XCBuildConfiguration;
			buildSettings = {
				ALWAYS_SEARCH_USER_PATHS = YES;
				GCC_C_LANGUAGE_STANDARD = gnu99;
				HEADER_SEARCH_PATHS = (
					./,
					../,
					../include/,
					../../libplist/include/,
				);
				INSTALL_PATH = "@executable_path";
				OTHER_CFLAGS = "-DHAVE_CONFIG_H";
				PRODUCT_NAME = idevicediagnotics;
			};
			name = Release;
		};
		C8EB850B1A75EC0E0022C2CD /* Debug */ = {
			isa = XCBuildConfiguration;
			buildSettings = {
				ALWAYS_SEARCH_USER_PATHS = YES;
				GCC_C_LANGUAGE_STANDARD = gnu99;
				GCC_PREPROCESSOR_DEFINITIONS = (
					"DEBUG=1",
					"$(inherited)",
				);
				HEADER_SEARCH_PATHS = (
					./,
					../,
					../include/,
					../../libplist/include/,
				);
				INSTALL_PATH = "@executable_path";
				OTHER_CFLAGS = (
					"-DHAVE_CONFIG_H",
					"-D_SYS_SYSLOG_H_",
				);
				PRODUCT_NAME = ideviceimagemounter;
			};
			name = Debug;
		};
		C8EB850C1A75EC0E0022C2CD /* Release */ = {
			isa = XCBuildConfiguration;
			buildSettings = {
				ALWAYS_SEARCH_USER_PATHS = YES;
				GCC_C_LANGUAGE_STANDARD = gnu99;
				HEADER_SEARCH_PATHS = (
					./,
					../,
					../include/,
					../../libplist/include/,
				);
				INSTALL_PATH = "@executable_path";
				OTHER_CFLAGS = (
					"-DHAVE_CONFIG_H",
					"-D_SYS_SYSLOG_H_",
				);
				PRODUCT_NAME = ideviceimagemounter;
			};
			name = Release;
		};
/* End XCBuildConfiguration section */

/* Begin XCConfigurationList section */
		C847BEA21A7537F400271179 /* Build configuration list for PBXProject "libimobiledevice" */ = {
			isa = XCConfigurationList;
			buildConfigurations = (
				C847BEA91A7537F400271179 /* Debug */,
				C847BEAA1A7537F400271179 /* Release */,
			);
			defaultConfigurationIsVisible = 0;
			defaultConfigurationName = Release;
		};
		C847BEAB1A7537F400271179 /* Build configuration list for PBXNativeTarget "libimobiledevice" */ = {
			isa = XCConfigurationList;
			buildConfigurations = (
				C847BEAC1A7537F400271179 /* Debug */,
				C847BEAD1A7537F400271179 /* Release */,
			);
			defaultConfigurationIsVisible = 0;
			defaultConfigurationName = Release;
		};
		C847C1141A755DF300271179 /* Build configuration list for PBXNativeTarget "ideviceinfo" */ = {
			isa = XCConfigurationList;
			buildConfigurations = (
				C847C1151A755DF300271179 /* Debug */,
				C847C1161A755DF300271179 /* Release */,
			);
			defaultConfigurationIsVisible = 0;
			defaultConfigurationName = Release;
		};
		C8EB84061A75D4630022C2CD /* Build configuration list for PBXNativeTarget "idevice_id" */ = {
			isa = XCConfigurationList;
			buildConfigurations = (
				C8EB84071A75D4630022C2CD /* Debug */,
				C8EB84081A75D4630022C2CD /* Release */,
			);
			defaultConfigurationIsVisible = 0;
			defaultConfigurationName = Release;
		};
		C8EB841A1A75D5A80022C2CD /* Build configuration list for PBXNativeTarget "idevicename" */ = {
			isa = XCConfigurationList;
			buildConfigurations = (
				C8EB841B1A75D5A80022C2CD /* Debug */,
				C8EB841C1A75D5A80022C2CD /* Release */,
			);
			defaultConfigurationIsVisible = 0;
			defaultConfigurationName = Release;
		};
		C8EB84341A75D66D0022C2CD /* Build configuration list for PBXNativeTarget "idevicescreenshot" */ = {
			isa = XCConfigurationList;
			buildConfigurations = (
				C8EB84351A75D66D0022C2CD /* Debug */,
				C8EB84361A75D66D0022C2CD /* Release */,
			);
			defaultConfigurationIsVisible = 0;
			defaultConfigurationName = Release;
		};
		C8EB844A1A75D7030022C2CD /* Build configuration list for PBXNativeTarget "idevicepair" */ = {
			isa = XCConfigurationList;
			buildConfigurations = (
				C8EB844B1A75D7030022C2CD /* Debug */,
				C8EB844C1A75D7030022C2CD /* Release */,
			);
			defaultConfigurationIsVisible = 0;
			defaultConfigurationName = Release;
		};
		C8EB845A1A75D7870022C2CD /* Build configuration list for PBXNativeTarget "idevicecrashreport" */ = {
			isa = XCConfigurationList;
			buildConfigurations = (
				C8EB845B1A75D7870022C2CD /* Debug */,
				C8EB845C1A75D7870022C2CD /* Release */,
			);
			defaultConfigurationIsVisible = 0;
			defaultConfigurationName = Release;
		};
		C8EB846A1A75D7D80022C2CD /* Build configuration list for PBXNativeTarget "idevicesyslog" */ = {
			isa = XCConfigurationList;
			buildConfigurations = (
				C8EB846B1A75D7D80022C2CD /* Debug */,
				C8EB846C1A75D7D80022C2CD /* Release */,
			);
			defaultConfigurationIsVisible = 0;
			defaultConfigurationName = Release;
		};
		C8EB847A1A75D9CA0022C2CD /* Build configuration list for PBXNativeTarget "idevicediagnostics" */ = {
			isa = XCConfigurationList;
			buildConfigurations = (
				C8EB847B1A75D9CA0022C2CD /* Debug */,
				C8EB847C1A75D9CA0022C2CD /* Release */,
			);
			defaultConfigurationIsVisible = 0;
			defaultConfigurationName = Release;
		};
		C8EB850A1A75EC0E0022C2CD /* Build configuration list for PBXNativeTarget "ideviceimagemounter" */ = {
			isa = XCConfigurationList;
			buildConfigurations = (
				C8EB850B1A75EC0E0022C2CD /* Debug */,
				C8EB850C1A75EC0E0022C2CD /* Release */,
			);
			defaultConfigurationIsVisible = 0;
			defaultConfigurationName = Release;
		};
/* End XCConfigurationList section */
	};
	rootObject = C847BE9F1A7537F400271179 /* Project object */;
}
